// !$*UTF8*$!
{
	archiveVersion = 1;
	classes = {
	};
	objectVersion = 46;
	objects = {

/* Begin PBXBuildFile section */
		8B0D80D01A961ACC0058A6F4 /* MONActivityIndicatorView.m in Sources */ = {isa = PBXBuildFile; fileRef = 8B0D80CF1A961ACC0058A6F4 /* MONActivityIndicatorView.m */; };
		8B0D80D21A964E950058A6F4 /* ShadowedButton.swift in Sources */ = {isa = PBXBuildFile; fileRef = 8B0D80D11A964E950058A6F4 /* ShadowedButton.swift */; };
		8B1204481A93B7C8000B2020 /* AddressCell.swift in Sources */ = {isa = PBXBuildFile; fileRef = 8B1204471A93B7C8000B2020 /* AddressCell.swift */; };
		8B12044A1A93D39B000B2020 /* MenuCell.swift in Sources */ = {isa = PBXBuildFile; fileRef = 8B1204491A93D39B000B2020 /* MenuCell.swift */; };
		8B1E05C31B90CD48007EECA0 /* SearchAddressViewController.swift in Sources */ = {isa = PBXBuildFile; fileRef = 8B1E05C21B90CD48007EECA0 /* SearchAddressViewController.swift */; };
		8B25B6711C16001D00810A84 /* JVFloatLabeledTextField.m in Sources */ = {isa = PBXBuildFile; fileRef = 8B25B66C1C16001D00810A84 /* JVFloatLabeledTextField.m */; };
		8B25B6721C16001D00810A84 /* JVFloatLabeledTextView.m in Sources */ = {isa = PBXBuildFile; fileRef = 8B25B66E1C16001D00810A84 /* JVFloatLabeledTextView.m */; };
		8B25B6731C16001D00810A84 /* NSString+TextDirectionality.m in Sources */ = {isa = PBXBuildFile; fileRef = 8B25B6701C16001D00810A84 /* NSString+TextDirectionality.m */; };
		8B2F05C21A8521E9007C462B /* AddressHistoryViewController.swift in Sources */ = {isa = PBXBuildFile; fileRef = 8B2F05C11A8521E9007C462B /* AddressHistoryViewController.swift */; };
		8B2F05C51A856B26007C462B /* User.swift in Sources */ = {isa = PBXBuildFile; fileRef = 8B2F05C41A856B26007C462B /* User.swift */; };
		8B31584E1A8910BF005F43E4 /* RatingView.m in Sources */ = {isa = PBXBuildFile; fileRef = 8B31584D1A8910BF005F43E4 /* RatingView.m */; };
		8B3158531A8915F0005F43E4 /* blueStar.png in Resources */ = {isa = PBXBuildFile; fileRef = 8B3158511A8915F0005F43E4 /* blueStar.png */; };
		8B3158541A8915F0005F43E4 /* grayStar.png in Resources */ = {isa = PBXBuildFile; fileRef = 8B3158521A8915F0005F43E4 /* grayStar.png */; };
		8B3158561A89201B005F43E4 /* RateDriverViewController.swift in Sources */ = {isa = PBXBuildFile; fileRef = 8B3158551A89201B005F43E4 /* RateDriverViewController.swift */; };
		8B33E7281B9A403900BC4417 /* PendingRateViewController.swift in Sources */ = {isa = PBXBuildFile; fileRef = 8B33E7271B9A403900BC4417 /* PendingRateViewController.swift */; };
		8B560D811BF217DC004F1F95 /* InitialMapViewController.swift in Sources */ = {isa = PBXBuildFile; fileRef = 8B560D801BF217DC004F1F95 /* InitialMapViewController.swift */; };
		8B713BC01A94E03500800798 /* AppInfo.swift in Sources */ = {isa = PBXBuildFile; fileRef = 8B713BBF1A94E03500800798 /* AppInfo.swift */; };
		8B713BC31A95068B00800798 /* ShadowedView.swift in Sources */ = {isa = PBXBuildFile; fileRef = 8B713BC21A95068B00800798 /* ShadowedView.swift */; };
		8B770CD21ABCAF6E00486FBE /* AbortedServicesViewController.swift in Sources */ = {isa = PBXBuildFile; fileRef = 8B770CD11ABCAF6E00486FBE /* AbortedServicesViewController.swift */; };
		8B7B03F81BDFBFC1002D4AF7 /* AsyncButton.swift in Sources */ = {isa = PBXBuildFile; fileRef = 8B7B03DA1BDFBFC1002D4AF7 /* AsyncButton.swift */; };
		8B7B03F91BDFBFC1002D4AF7 /* AsyncImageView.swift in Sources */ = {isa = PBXBuildFile; fileRef = 8B7B03DB1BDFBFC1002D4AF7 /* AsyncImageView.swift */; };
		8B7B03FA1BDFBFC1002D4AF7 /* AutoTextView.swift in Sources */ = {isa = PBXBuildFile; fileRef = 8B7B03DC1BDFBFC1002D4AF7 /* AutoTextView.swift */; };
		8B7B03FB1BDFBFC1002D4AF7 /* BlurView.swift in Sources */ = {isa = PBXBuildFile; fileRef = 8B7B03DD1BDFBFC1002D4AF7 /* BlurView.swift */; };
		8B7B03FC1BDFBFC1002D4AF7 /* DesignableButton.swift in Sources */ = {isa = PBXBuildFile; fileRef = 8B7B03DE1BDFBFC1002D4AF7 /* DesignableButton.swift */; };
		8B7B03FD1BDFBFC1002D4AF7 /* DesignableImageView.swift in Sources */ = {isa = PBXBuildFile; fileRef = 8B7B03DF1BDFBFC1002D4AF7 /* DesignableImageView.swift */; };
		8B7B03FE1BDFBFC1002D4AF7 /* DesignableLabel.swift in Sources */ = {isa = PBXBuildFile; fileRef = 8B7B03E01BDFBFC1002D4AF7 /* DesignableLabel.swift */; };
		8B7B03FF1BDFBFC1002D4AF7 /* DesignableTabBarController.swift in Sources */ = {isa = PBXBuildFile; fileRef = 8B7B03E11BDFBFC1002D4AF7 /* DesignableTabBarController.swift */; };
		8B7B04001BDFBFC1002D4AF7 /* DesignableTextField.swift in Sources */ = {isa = PBXBuildFile; fileRef = 8B7B03E21BDFBFC1002D4AF7 /* DesignableTextField.swift */; };
		8B7B04011BDFBFC1002D4AF7 /* DesignableTextView.swift in Sources */ = {isa = PBXBuildFile; fileRef = 8B7B03E31BDFBFC1002D4AF7 /* DesignableTextView.swift */; };
		8B7B04021BDFBFC1002D4AF7 /* DesignableView.swift in Sources */ = {isa = PBXBuildFile; fileRef = 8B7B03E41BDFBFC1002D4AF7 /* DesignableView.swift */; };
		8B7B04031BDFBFC1002D4AF7 /* ImageLoader.swift in Sources */ = {isa = PBXBuildFile; fileRef = 8B7B03E51BDFBFC1002D4AF7 /* ImageLoader.swift */; };
		8B7B04041BDFBFC1002D4AF7 /* Info.plist in Resources */ = {isa = PBXBuildFile; fileRef = 8B7B03E61BDFBFC1002D4AF7 /* Info.plist */; };
		8B7B04051BDFBFC1002D4AF7 /* KeyboardLayoutConstraint.swift in Sources */ = {isa = PBXBuildFile; fileRef = 8B7B03E71BDFBFC1002D4AF7 /* KeyboardLayoutConstraint.swift */; };
		8B7B04061BDFBFC1002D4AF7 /* LoadingView.swift in Sources */ = {isa = PBXBuildFile; fileRef = 8B7B03E81BDFBFC1002D4AF7 /* LoadingView.swift */; };
		8B7B04071BDFBFC1002D4AF7 /* LoadingView.xib in Resources */ = {isa = PBXBuildFile; fileRef = 8B7B03E91BDFBFC1002D4AF7 /* LoadingView.xib */; };
		8B7B04081BDFBFC1002D4AF7 /* Misc.swift in Sources */ = {isa = PBXBuildFile; fileRef = 8B7B03EA1BDFBFC1002D4AF7 /* Misc.swift */; };
		8B7B04091BDFBFC1002D4AF7 /* SoundPlayer.swift in Sources */ = {isa = PBXBuildFile; fileRef = 8B7B03EB1BDFBFC1002D4AF7 /* SoundPlayer.swift */; };
		8B7B040A1BDFBFC1002D4AF7 /* Spring.swift in Sources */ = {isa = PBXBuildFile; fileRef = 8B7B03ED1BDFBFC1002D4AF7 /* Spring.swift */; };
		8B7B040B1BDFBFC1002D4AF7 /* SpringAnimation.swift in Sources */ = {isa = PBXBuildFile; fileRef = 8B7B03EE1BDFBFC1002D4AF7 /* SpringAnimation.swift */; };
		8B7B040C1BDFBFC1002D4AF7 /* SpringButton.swift in Sources */ = {isa = PBXBuildFile; fileRef = 8B7B03EF1BDFBFC1002D4AF7 /* SpringButton.swift */; };
		8B7B040D1BDFBFC1002D4AF7 /* SpringImageView.swift in Sources */ = {isa = PBXBuildFile; fileRef = 8B7B03F01BDFBFC1002D4AF7 /* SpringImageView.swift */; };
		8B7B040E1BDFBFC1002D4AF7 /* SpringLabel.swift in Sources */ = {isa = PBXBuildFile; fileRef = 8B7B03F11BDFBFC1002D4AF7 /* SpringLabel.swift */; };
		8B7B040F1BDFBFC1002D4AF7 /* SpringTextField.swift in Sources */ = {isa = PBXBuildFile; fileRef = 8B7B03F21BDFBFC1002D4AF7 /* SpringTextField.swift */; };
		8B7B04101BDFBFC1002D4AF7 /* SpringTextView.swift in Sources */ = {isa = PBXBuildFile; fileRef = 8B7B03F31BDFBFC1002D4AF7 /* SpringTextView.swift */; };
		8B7B04111BDFBFC1002D4AF7 /* SpringView.swift in Sources */ = {isa = PBXBuildFile; fileRef = 8B7B03F41BDFBFC1002D4AF7 /* SpringView.swift */; };
		8B7B04121BDFBFC1002D4AF7 /* TransitionManager.swift in Sources */ = {isa = PBXBuildFile; fileRef = 8B7B03F51BDFBFC1002D4AF7 /* TransitionManager.swift */; };
		8B7B04131BDFBFC1002D4AF7 /* TransitionZoom.swift in Sources */ = {isa = PBXBuildFile; fileRef = 8B7B03F61BDFBFC1002D4AF7 /* TransitionZoom.swift */; };
		8B7B04141BDFBFC1002D4AF7 /* UnwindSegue.swift in Sources */ = {isa = PBXBuildFile; fileRef = 8B7B03F71BDFBFC1002D4AF7 /* UnwindSegue.swift */; };
		8B7B04171BDFC03C002D4AF7 /* SwiftyJSON.swift in Sources */ = {isa = PBXBuildFile; fileRef = 8B7B04161BDFC03C002D4AF7 /* SwiftyJSON.swift */; };
		8B7B04291BDFC148002D4AF7 /* Alamofire.swift in Sources */ = {isa = PBXBuildFile; fileRef = 8B7B041A1BDFC148002D4AF7 /* Alamofire.swift */; };
		8B7B042A1BDFC148002D4AF7 /* Download.swift in Sources */ = {isa = PBXBuildFile; fileRef = 8B7B041B1BDFC148002D4AF7 /* Download.swift */; };
		8B7B042B1BDFC148002D4AF7 /* Error.swift in Sources */ = {isa = PBXBuildFile; fileRef = 8B7B041C1BDFC148002D4AF7 /* Error.swift */; };
		8B7B042C1BDFC148002D4AF7 /* Info.plist in Resources */ = {isa = PBXBuildFile; fileRef = 8B7B041D1BDFC148002D4AF7 /* Info.plist */; };
		8B7B042D1BDFC148002D4AF7 /* Manager.swift in Sources */ = {isa = PBXBuildFile; fileRef = 8B7B041E1BDFC148002D4AF7 /* Manager.swift */; };
		8B7B042E1BDFC148002D4AF7 /* MultipartFormData.swift in Sources */ = {isa = PBXBuildFile; fileRef = 8B7B041F1BDFC148002D4AF7 /* MultipartFormData.swift */; };
		8B7B042F1BDFC148002D4AF7 /* ParameterEncoding.swift in Sources */ = {isa = PBXBuildFile; fileRef = 8B7B04201BDFC148002D4AF7 /* ParameterEncoding.swift */; };
		8B7B04301BDFC148002D4AF7 /* Request.swift in Sources */ = {isa = PBXBuildFile; fileRef = 8B7B04211BDFC148002D4AF7 /* Request.swift */; };
		8B7B04311BDFC148002D4AF7 /* Response.swift in Sources */ = {isa = PBXBuildFile; fileRef = 8B7B04221BDFC148002D4AF7 /* Response.swift */; };
		8B7B04321BDFC148002D4AF7 /* ResponseSerialization.swift in Sources */ = {isa = PBXBuildFile; fileRef = 8B7B04231BDFC148002D4AF7 /* ResponseSerialization.swift */; };
		8B7B04331BDFC148002D4AF7 /* Result.swift in Sources */ = {isa = PBXBuildFile; fileRef = 8B7B04241BDFC148002D4AF7 /* Result.swift */; };
		8B7B04341BDFC148002D4AF7 /* ServerTrustPolicy.swift in Sources */ = {isa = PBXBuildFile; fileRef = 8B7B04251BDFC148002D4AF7 /* ServerTrustPolicy.swift */; };
		8B7B04351BDFC148002D4AF7 /* Stream.swift in Sources */ = {isa = PBXBuildFile; fileRef = 8B7B04261BDFC148002D4AF7 /* Stream.swift */; };
		8B7B04361BDFC148002D4AF7 /* Upload.swift in Sources */ = {isa = PBXBuildFile; fileRef = 8B7B04271BDFC148002D4AF7 /* Upload.swift */; };
		8B7B04371BDFC148002D4AF7 /* Validation.swift in Sources */ = {isa = PBXBuildFile; fileRef = 8B7B04281BDFC148002D4AF7 /* Validation.swift */; };
		8B7C0C8F1A89004C00470D15 /* FindingServiceViewController.swift in Sources */ = {isa = PBXBuildFile; fileRef = 8B7C0C8E1A89004C00470D15 /* FindingServiceViewController.swift */; };
		8B7C0C911A89090500470D15 /* ServiceAcceptedViewController.swift in Sources */ = {isa = PBXBuildFile; fileRef = 8B7C0C901A89090500470D15 /* ServiceAcceptedViewController.swift */; };
		8B8427B51A9B7551003D1354 /* ChangePasswordViewController.swift in Sources */ = {isa = PBXBuildFile; fileRef = 8B8427B41A9B7551003D1354 /* ChangePasswordViewController.swift */; };
		8B8427B91A9B9E0E003D1354 /* Utils.m in Sources */ = {isa = PBXBuildFile; fileRef = 8B8427B81A9B9E0E003D1354 /* Utils.m */; };
		8B8427BB1A9BC3FE003D1354 /* PasswordView.swift in Sources */ = {isa = PBXBuildFile; fileRef = 8B8427BA1A9BC3FE003D1354 /* PasswordView.swift */; };
		8B8427BD1A9BC429003D1354 /* PasswordView.xib in Resources */ = {isa = PBXBuildFile; fileRef = 8B8427BC1A9BC429003D1354 /* PasswordView.xib */; };
		8B8C364C1A8BB42200373EA2 /* MyProfileViewController.swift in Sources */ = {isa = PBXBuildFile; fileRef = 8B8C364B1A8BB42200373EA2 /* MyProfileViewController.swift */; };
		8B8C364E1A8BF89100373EA2 /* DeliveryItem.swift in Sources */ = {isa = PBXBuildFile; fileRef = 8B8C364D1A8BF89100373EA2 /* DeliveryItem.swift */; };
		8B8DD6731A9FA95200355829 /* ShrinkDismissAnimationController.swift in Sources */ = {isa = PBXBuildFile; fileRef = 8B8DD6721A9FA95200355829 /* ShrinkDismissAnimationController.swift */; };
		8B9866D91AB728550091431B /* ImageViewController.swift in Sources */ = {isa = PBXBuildFile; fileRef = 8B9866D81AB728550091431B /* ImageViewController.swift */; };
		8B9997E61A9E63C800C8BC75 /* FavouriteMessengersViewController.swift in Sources */ = {isa = PBXBuildFile; fileRef = 8B9997E51A9E63C800C8BC75 /* FavouriteMessengersViewController.swift */; };
		8B9997E81A9E74E400C8BC75 /* FavouriteMessengerCell.swift in Sources */ = {isa = PBXBuildFile; fileRef = 8B9997E71A9E74E400C8BC75 /* FavouriteMessengerCell.swift */; };
		8BA158861B4ADF25005D6248 /* NSMutableURLRequest+Header.swift in Sources */ = {isa = PBXBuildFile; fileRef = 8BA158851B4ADF25005D6248 /* NSMutableURLRequest+Header.swift */; };
		8BA5A8071A8E441200379651 /* SWRevealViewController.m in Sources */ = {isa = PBXBuildFile; fileRef = 8BA5A8061A8E441200379651 /* SWRevealViewController.m */; };
		8BA5A8091A8E51DE00379651 /* MenuViewController.swift in Sources */ = {isa = PBXBuildFile; fileRef = 8BA5A8081A8E51DE00379651 /* MenuViewController.swift */; };
		8BA5A80B1A8E71CB00379651 /* ActiveServicesViewController.swift in Sources */ = {isa = PBXBuildFile; fileRef = 8BA5A80A1A8E71CB00379651 /* ActiveServicesViewController.swift */; };
		8BA5A80E1A8E979A00379651 /* ActiveServiceCell.swift in Sources */ = {isa = PBXBuildFile; fileRef = 8BA5A80D1A8E979A00379651 /* ActiveServiceCell.swift */; };
		8BA62C231AA497C8000F9C84 /* RegexValidator.swift in Sources */ = {isa = PBXBuildFile; fileRef = 8BA62C221AA497C8000F9C84 /* RegexValidator.swift */; };
		8BB9BE1B1A892BEF005EC694 /* ForgotPasswordViewController.swift in Sources */ = {isa = PBXBuildFile; fileRef = 8BB9BE1A1A892BEF005EC694 /* ForgotPasswordViewController.swift */; };
		8BC2031F1AA79A900093D8B3 /* CloseSessionAnimationController.swift in Sources */ = {isa = PBXBuildFile; fileRef = 8BC2031E1AA79A900093D8B3 /* CloseSessionAnimationController.swift */; };
		8BC2C8721AA0BCA700E25204 /* ServiceImageCell.swift in Sources */ = {isa = PBXBuildFile; fileRef = 8BC2C8711AA0BCA700E25204 /* ServiceImageCell.swift */; };
		8BC2C8951AA0C42500E25204 /* MKAnnotationView+WebCache.m in Sources */ = {isa = PBXBuildFile; fileRef = 8BC2C8751AA0C42500E25204 /* MKAnnotationView+WebCache.m */; };
		8BC2C8961AA0C42500E25204 /* NSData+ImageContentType.m in Sources */ = {isa = PBXBuildFile; fileRef = 8BC2C8771AA0C42500E25204 /* NSData+ImageContentType.m */; };
		8BC2C8971AA0C42500E25204 /* SDImageCache.m in Sources */ = {isa = PBXBuildFile; fileRef = 8BC2C8791AA0C42500E25204 /* SDImageCache.m */; };
		8BC2C8981AA0C42500E25204 /* SDWebImageCompat.m in Sources */ = {isa = PBXBuildFile; fileRef = 8BC2C87B1AA0C42500E25204 /* SDWebImageCompat.m */; };
		8BC2C8991AA0C42500E25204 /* SDWebImageDecoder.m in Sources */ = {isa = PBXBuildFile; fileRef = 8BC2C87D1AA0C42500E25204 /* SDWebImageDecoder.m */; };
		8BC2C89A1AA0C42500E25204 /* SDWebImageDownloader.m in Sources */ = {isa = PBXBuildFile; fileRef = 8BC2C87F1AA0C42500E25204 /* SDWebImageDownloader.m */; };
		8BC2C89B1AA0C42500E25204 /* SDWebImageDownloaderOperation.m in Sources */ = {isa = PBXBuildFile; fileRef = 8BC2C8811AA0C42500E25204 /* SDWebImageDownloaderOperation.m */; };
		8BC2C89C1AA0C42500E25204 /* SDWebImageManager.m in Sources */ = {isa = PBXBuildFile; fileRef = 8BC2C8831AA0C42500E25204 /* SDWebImageManager.m */; };
		8BC2C89D1AA0C42500E25204 /* SDWebImagePrefetcher.m in Sources */ = {isa = PBXBuildFile; fileRef = 8BC2C8861AA0C42500E25204 /* SDWebImagePrefetcher.m */; };
		8BC2C89E1AA0C42500E25204 /* UIButton+WebCache.m in Sources */ = {isa = PBXBuildFile; fileRef = 8BC2C8881AA0C42500E25204 /* UIButton+WebCache.m */; };
		8BC2C89F1AA0C42500E25204 /* UIImage+GIF.m in Sources */ = {isa = PBXBuildFile; fileRef = 8BC2C88A1AA0C42500E25204 /* UIImage+GIF.m */; };
		8BC2C8A01AA0C42500E25204 /* UIImage+MultiFormat.m in Sources */ = {isa = PBXBuildFile; fileRef = 8BC2C88C1AA0C42500E25204 /* UIImage+MultiFormat.m */; };
		8BC2C8A11AA0C42500E25204 /* UIImage+WebP.m in Sources */ = {isa = PBXBuildFile; fileRef = 8BC2C88E1AA0C42500E25204 /* UIImage+WebP.m */; };
		8BC2C8A21AA0C42500E25204 /* UIImageView+HighlightedWebCache.m in Sources */ = {isa = PBXBuildFile; fileRef = 8BC2C8901AA0C42500E25204 /* UIImageView+HighlightedWebCache.m */; };
		8BC2C8A31AA0C42500E25204 /* UIImageView+WebCache.m in Sources */ = {isa = PBXBuildFile; fileRef = 8BC2C8921AA0C42500E25204 /* UIImageView+WebCache.m */; };
		8BC2C8A41AA0C42500E25204 /* UIView+WebCacheOperation.m in Sources */ = {isa = PBXBuildFile; fileRef = 8BC2C8941AA0C42500E25204 /* UIView+WebCacheOperation.m */; };
		8BC3ED851A938A3D0009C54A /* UIColor+AppColors.swift in Sources */ = {isa = PBXBuildFile; fileRef = 8BC3ED841A938A3D0009C54A /* UIColor+AppColors.swift */; };
		8BCC7B771AB9DA330085EDF5 /* ZoomFromCellAnimator.swift in Sources */ = {isa = PBXBuildFile; fileRef = 8BCC7B761AB9DA330085EDF5 /* ZoomFromCellAnimator.swift */; };
		8BCC7B791AB9E0980085EDF5 /* ZoomTransitionDelegate.swift in Sources */ = {isa = PBXBuildFile; fileRef = 8BCC7B781AB9E0980085EDF5 /* ZoomTransitionDelegate.swift */; };
		8BCE59361A922C89000C0C1A /* FinishedServicesViewController.swift in Sources */ = {isa = PBXBuildFile; fileRef = 8BCE59351A922C89000C0C1A /* FinishedServicesViewController.swift */; };
		8BCE59391A924EF6000C0C1A /* IntriqueScript_PersonalUse.ttf in Resources */ = {isa = PBXBuildFile; fileRef = 8BCE59381A924EF6000C0C1A /* IntriqueScript_PersonalUse.ttf */; };
		8BDB039D1C04FD0200D495D8 /* Formatters.swift in Sources */ = {isa = PBXBuildFile; fileRef = 8BDB039C1C04FD0200D495D8 /* Formatters.swift */; };
		8BEA65A61A82B1E000C20D5B /* AppDelegate.swift in Sources */ = {isa = PBXBuildFile; fileRef = 8BEA65A51A82B1E000C20D5B /* AppDelegate.swift */; };
		8BEA65AB1A82B1E100C20D5B /* Main.storyboard in Resources */ = {isa = PBXBuildFile; fileRef = 8BEA65A91A82B1E100C20D5B /* Main.storyboard */; };
		8BEA65AD1A82B1E100C20D5B /* Images.xcassets in Resources */ = {isa = PBXBuildFile; fileRef = 8BEA65AC1A82B1E100C20D5B /* Images.xcassets */; };
		8BEA65B01A82B1E100C20D5B /* LaunchScreen.xib in Resources */ = {isa = PBXBuildFile; fileRef = 8BEA65AE1A82B1E100C20D5B /* LaunchScreen.xib */; };
		8BEA65BC1A82B1E100C20D5B /* MensajeriaTests.swift in Sources */ = {isa = PBXBuildFile; fileRef = 8BEA65BB1A82B1E100C20D5B /* MensajeriaTests.swift */; };
		8BEA65C71A82B98500C20D5B /* LoginViewController.swift in Sources */ = {isa = PBXBuildFile; fileRef = 8BEA65C61A82B98500C20D5B /* LoginViewController.swift */; };
		8BEA65D01A82C6EB00C20D5B /* MBProgressHUD.m in Sources */ = {isa = PBXBuildFile; fileRef = 8BEA65CF1A82C6EB00C20D5B /* MBProgressHUD.m */; };
		8BFB802D1C1EF0AF003152F6 /* ServerRequests.swift in Sources */ = {isa = PBXBuildFile; fileRef = 8BFB802C1C1EF0AF003152F6 /* ServerRequests.swift */; };
		8BFC63A21C49199400E5385F /* M13Checkbox.m in Sources */ = {isa = PBXBuildFile; fileRef = 8BFC63A11C49199400E5385F /* M13Checkbox.m */; };
		8BFE96FB1BDFE63500CE7A82 /* WrapperAlamofire.swift in Sources */ = {isa = PBXBuildFile; fileRef = 8BFE96FA1BDFE63500CE7A82 /* WrapperAlamofire.swift */; };
		A0587FEE1A83B49900E83E5D /* CreateAccountViewController.swift in Sources */ = {isa = PBXBuildFile; fileRef = A0587FED1A83B49900E83E5D /* CreateAccountViewController.swift */; };
		A0AFE1481A83D31F0025CACF /* TermsConditionsViewController.swift in Sources */ = {isa = PBXBuildFile; fileRef = A0AFE1471A83D31F0025CACF /* TermsConditionsViewController.swift */; };
		A0AFE14A1A83D6410025CACF /* RequestServiceViewController.swift in Sources */ = {isa = PBXBuildFile; fileRef = A0AFE1491A83D6410025CACF /* RequestServiceViewController.swift */; };
		A0AFE14C1A83E9090025CACF /* GoogleMaps.framework in Frameworks */ = {isa = PBXBuildFile; fileRef = A0AFE14B1A83E9090025CACF /* GoogleMaps.framework */; };
		A0AFE14E1A83EA350025CACF /* GoogleMaps.bundle in Resources */ = {isa = PBXBuildFile; fileRef = A0AFE14D1A83EA350025CACF /* GoogleMaps.bundle */; };
		A0AFE1501A83EB110025CACF /* CoreData.framework in Frameworks */ = {isa = PBXBuildFile; fileRef = A0AFE14F1A83EB110025CACF /* CoreData.framework */; };
		A0AFE1521A83EB160025CACF /* CoreLocation.framework in Frameworks */ = {isa = PBXBuildFile; fileRef = A0AFE1511A83EB160025CACF /* CoreLocation.framework */; };
		A0AFE1541A83EB1E0025CACF /* AVFoundation.framework in Frameworks */ = {isa = PBXBuildFile; fileRef = A0AFE1531A83EB1E0025CACF /* AVFoundation.framework */; };
		A0AFE1561A83EB220025CACF /* CoreText.framework in Frameworks */ = {isa = PBXBuildFile; fileRef = A0AFE1551A83EB220025CACF /* CoreText.framework */; };
		A0AFE1581A83EB2C0025CACF /* GLKit.framework in Frameworks */ = {isa = PBXBuildFile; fileRef = A0AFE1571A83EB2C0025CACF /* GLKit.framework */; };
		A0AFE15A1A83EB310025CACF /* ImageIO.framework in Frameworks */ = {isa = PBXBuildFile; fileRef = A0AFE1591A83EB310025CACF /* ImageIO.framework */; };
		A0AFE15C1A83EB3A0025CACF /* libc++.dylib in Frameworks */ = {isa = PBXBuildFile; fileRef = A0AFE15B1A83EB3A0025CACF /* libc++.dylib */; };
		A0AFE15E1A83EB440025CACF /* libicucore.dylib in Frameworks */ = {isa = PBXBuildFile; fileRef = A0AFE15D1A83EB440025CACF /* libicucore.dylib */; };
		A0AFE1601A83EB4D0025CACF /* libz.dylib in Frameworks */ = {isa = PBXBuildFile; fileRef = A0AFE15F1A83EB4D0025CACF /* libz.dylib */; };
		A0AFE1621A83EB550025CACF /* OpenGLES.framework in Frameworks */ = {isa = PBXBuildFile; fileRef = A0AFE1611A83EB550025CACF /* OpenGLES.framework */; };
		A0AFE1641A83EB5B0025CACF /* QuartzCore.framework in Frameworks */ = {isa = PBXBuildFile; fileRef = A0AFE1631A83EB5B0025CACF /* QuartzCore.framework */; };
		A0AFE1661A83EB640025CACF /* SystemConfiguration.framework in Frameworks */ = {isa = PBXBuildFile; fileRef = A0AFE1651A83EB640025CACF /* SystemConfiguration.framework */; };
		A0AFE1691A84008A0025CACF /* MapViewController.swift in Sources */ = {isa = PBXBuildFile; fileRef = A0AFE1681A84008A0025CACF /* MapViewController.swift */; };
/* End PBXBuildFile section */

/* Begin PBXContainerItemProxy section */
		8BEA65B61A82B1E100C20D5B /* PBXContainerItemProxy */ = {
			isa = PBXContainerItemProxy;
			containerPortal = 8BEA65981A82B1E000C20D5B /* Project object */;
			proxyType = 1;
			remoteGlobalIDString = 8BEA659F1A82B1E000C20D5B;
			remoteInfo = Mensajeria;
		};
/* End PBXContainerItemProxy section */

/* Begin PBXFileReference section */
		8B0D80CE1A961ACC0058A6F4 /* MONActivityIndicatorView.h */ = {isa = PBXFileReference; fileEncoding = 4; lastKnownFileType = sourcecode.c.h; path = MONActivityIndicatorView.h; sourceTree = "<group>"; };
		8B0D80CF1A961ACC0058A6F4 /* MONActivityIndicatorView.m */ = {isa = PBXFileReference; fileEncoding = 4; lastKnownFileType = sourcecode.c.objc; path = MONActivityIndicatorView.m; sourceTree = "<group>"; };
		8B0D80D11A964E950058A6F4 /* ShadowedButton.swift */ = {isa = PBXFileReference; fileEncoding = 4; lastKnownFileType = sourcecode.swift; name = ShadowedButton.swift; path = "Custom Views/ShadowedButton.swift"; sourceTree = "<group>"; };
		8B1204471A93B7C8000B2020 /* AddressCell.swift */ = {isa = PBXFileReference; fileEncoding = 4; lastKnownFileType = sourcecode.swift; name = AddressCell.swift; path = "Custom Cells/AddressCell.swift"; sourceTree = "<group>"; };
		8B1204491A93D39B000B2020 /* MenuCell.swift */ = {isa = PBXFileReference; fileEncoding = 4; lastKnownFileType = sourcecode.swift; name = MenuCell.swift; path = "Custom Cells/MenuCell.swift"; sourceTree = "<group>"; };
		8B1E05C21B90CD48007EECA0 /* SearchAddressViewController.swift */ = {isa = PBXFileReference; fileEncoding = 4; lastKnownFileType = sourcecode.swift; name = SearchAddressViewController.swift; path = Controllers/SearchAddressViewController.swift; sourceTree = "<group>"; };
		8B25B66B1C16001D00810A84 /* JVFloatLabeledTextField.h */ = {isa = PBXFileReference; fileEncoding = 4; lastKnownFileType = sourcecode.c.h; path = JVFloatLabeledTextField.h; sourceTree = "<group>"; };
		8B25B66C1C16001D00810A84 /* JVFloatLabeledTextField.m */ = {isa = PBXFileReference; fileEncoding = 4; lastKnownFileType = sourcecode.c.objc; path = JVFloatLabeledTextField.m; sourceTree = "<group>"; };
		8B25B66D1C16001D00810A84 /* JVFloatLabeledTextView.h */ = {isa = PBXFileReference; fileEncoding = 4; lastKnownFileType = sourcecode.c.h; path = JVFloatLabeledTextView.h; sourceTree = "<group>"; };
		8B25B66E1C16001D00810A84 /* JVFloatLabeledTextView.m */ = {isa = PBXFileReference; fileEncoding = 4; lastKnownFileType = sourcecode.c.objc; path = JVFloatLabeledTextView.m; sourceTree = "<group>"; };
		8B25B66F1C16001D00810A84 /* NSString+TextDirectionality.h */ = {isa = PBXFileReference; fileEncoding = 4; lastKnownFileType = sourcecode.c.h; path = "NSString+TextDirectionality.h"; sourceTree = "<group>"; };
		8B25B6701C16001D00810A84 /* NSString+TextDirectionality.m */ = {isa = PBXFileReference; fileEncoding = 4; lastKnownFileType = sourcecode.c.objc; path = "NSString+TextDirectionality.m"; sourceTree = "<group>"; };
		8B2F05C11A8521E9007C462B /* AddressHistoryViewController.swift */ = {isa = PBXFileReference; fileEncoding = 4; lastKnownFileType = sourcecode.swift; name = AddressHistoryViewController.swift; path = Controllers/AddressHistoryViewController.swift; sourceTree = "<group>"; };
		8B2F05C41A856B26007C462B /* User.swift */ = {isa = PBXFileReference; fileEncoding = 4; lastKnownFileType = sourcecode.swift; name = User.swift; path = Model/User.swift; sourceTree = "<group>"; };
		8B31584C1A8910BF005F43E4 /* RatingView.h */ = {isa = PBXFileReference; fileEncoding = 4; lastKnownFileType = sourcecode.c.h; path = RatingView.h; sourceTree = "<group>"; };
		8B31584D1A8910BF005F43E4 /* RatingView.m */ = {isa = PBXFileReference; fileEncoding = 4; lastKnownFileType = sourcecode.c.objc; path = RatingView.m; sourceTree = "<group>"; };
		8B3158511A8915F0005F43E4 /* blueStar.png */ = {isa = PBXFileReference; lastKnownFileType = image.png; path = blueStar.png; sourceTree = "<group>"; };
		8B3158521A8915F0005F43E4 /* grayStar.png */ = {isa = PBXFileReference; lastKnownFileType = image.png; path = grayStar.png; sourceTree = "<group>"; };
		8B3158551A89201B005F43E4 /* RateDriverViewController.swift */ = {isa = PBXFileReference; fileEncoding = 4; lastKnownFileType = sourcecode.swift; name = RateDriverViewController.swift; path = Controllers/RateDriverViewController.swift; sourceTree = "<group>"; };
		8B33E7271B9A403900BC4417 /* PendingRateViewController.swift */ = {isa = PBXFileReference; fileEncoding = 4; lastKnownFileType = sourcecode.swift; name = PendingRateViewController.swift; path = Controllers/PendingRateViewController.swift; sourceTree = "<group>"; };
		8B560D801BF217DC004F1F95 /* InitialMapViewController.swift */ = {isa = PBXFileReference; fileEncoding = 4; lastKnownFileType = sourcecode.swift; name = InitialMapViewController.swift; path = Controllers/InitialMapViewController.swift; sourceTree = "<group>"; };
		8B713BBF1A94E03500800798 /* AppInfo.swift */ = {isa = PBXFileReference; fileEncoding = 4; lastKnownFileType = sourcecode.swift; name = AppInfo.swift; path = Model/AppInfo.swift; sourceTree = "<group>"; };
		8B713BC21A95068B00800798 /* ShadowedView.swift */ = {isa = PBXFileReference; fileEncoding = 4; lastKnownFileType = sourcecode.swift; name = ShadowedView.swift; path = "Custom Views/ShadowedView.swift"; sourceTree = "<group>"; };
		8B770CD11ABCAF6E00486FBE /* AbortedServicesViewController.swift */ = {isa = PBXFileReference; fileEncoding = 4; lastKnownFileType = sourcecode.swift; name = AbortedServicesViewController.swift; path = Controllers/AbortedServicesViewController.swift; sourceTree = "<group>"; };
		8B7B03DA1BDFBFC1002D4AF7 /* AsyncButton.swift */ = {isa = PBXFileReference; fileEncoding = 4; lastKnownFileType = sourcecode.swift; path = AsyncButton.swift; sourceTree = "<group>"; };
		8B7B03DB1BDFBFC1002D4AF7 /* AsyncImageView.swift */ = {isa = PBXFileReference; fileEncoding = 4; lastKnownFileType = sourcecode.swift; path = AsyncImageView.swift; sourceTree = "<group>"; };
		8B7B03DC1BDFBFC1002D4AF7 /* AutoTextView.swift */ = {isa = PBXFileReference; fileEncoding = 4; lastKnownFileType = sourcecode.swift; path = AutoTextView.swift; sourceTree = "<group>"; };
		8B7B03DD1BDFBFC1002D4AF7 /* BlurView.swift */ = {isa = PBXFileReference; fileEncoding = 4; lastKnownFileType = sourcecode.swift; path = BlurView.swift; sourceTree = "<group>"; };
		8B7B03DE1BDFBFC1002D4AF7 /* DesignableButton.swift */ = {isa = PBXFileReference; fileEncoding = 4; lastKnownFileType = sourcecode.swift; path = DesignableButton.swift; sourceTree = "<group>"; };
		8B7B03DF1BDFBFC1002D4AF7 /* DesignableImageView.swift */ = {isa = PBXFileReference; fileEncoding = 4; lastKnownFileType = sourcecode.swift; path = DesignableImageView.swift; sourceTree = "<group>"; };
		8B7B03E01BDFBFC1002D4AF7 /* DesignableLabel.swift */ = {isa = PBXFileReference; fileEncoding = 4; lastKnownFileType = sourcecode.swift; path = DesignableLabel.swift; sourceTree = "<group>"; };
		8B7B03E11BDFBFC1002D4AF7 /* DesignableTabBarController.swift */ = {isa = PBXFileReference; fileEncoding = 4; lastKnownFileType = sourcecode.swift; path = DesignableTabBarController.swift; sourceTree = "<group>"; };
		8B7B03E21BDFBFC1002D4AF7 /* DesignableTextField.swift */ = {isa = PBXFileReference; fileEncoding = 4; lastKnownFileType = sourcecode.swift; path = DesignableTextField.swift; sourceTree = "<group>"; };
		8B7B03E31BDFBFC1002D4AF7 /* DesignableTextView.swift */ = {isa = PBXFileReference; fileEncoding = 4; lastKnownFileType = sourcecode.swift; path = DesignableTextView.swift; sourceTree = "<group>"; };
		8B7B03E41BDFBFC1002D4AF7 /* DesignableView.swift */ = {isa = PBXFileReference; fileEncoding = 4; lastKnownFileType = sourcecode.swift; path = DesignableView.swift; sourceTree = "<group>"; };
		8B7B03E51BDFBFC1002D4AF7 /* ImageLoader.swift */ = {isa = PBXFileReference; fileEncoding = 4; lastKnownFileType = sourcecode.swift; path = ImageLoader.swift; sourceTree = "<group>"; };
		8B7B03E61BDFBFC1002D4AF7 /* Info.plist */ = {isa = PBXFileReference; fileEncoding = 4; lastKnownFileType = text.plist.xml; path = Info.plist; sourceTree = "<group>"; };
		8B7B03E71BDFBFC1002D4AF7 /* KeyboardLayoutConstraint.swift */ = {isa = PBXFileReference; fileEncoding = 4; lastKnownFileType = sourcecode.swift; path = KeyboardLayoutConstraint.swift; sourceTree = "<group>"; };
		8B7B03E81BDFBFC1002D4AF7 /* LoadingView.swift */ = {isa = PBXFileReference; fileEncoding = 4; lastKnownFileType = sourcecode.swift; path = LoadingView.swift; sourceTree = "<group>"; };
		8B7B03E91BDFBFC1002D4AF7 /* LoadingView.xib */ = {isa = PBXFileReference; fileEncoding = 4; lastKnownFileType = file.xib; path = LoadingView.xib; sourceTree = "<group>"; };
		8B7B03EA1BDFBFC1002D4AF7 /* Misc.swift */ = {isa = PBXFileReference; fileEncoding = 4; lastKnownFileType = sourcecode.swift; path = Misc.swift; sourceTree = "<group>"; };
		8B7B03EB1BDFBFC1002D4AF7 /* SoundPlayer.swift */ = {isa = PBXFileReference; fileEncoding = 4; lastKnownFileType = sourcecode.swift; path = SoundPlayer.swift; sourceTree = "<group>"; };
		8B7B03EC1BDFBFC1002D4AF7 /* Spring.h */ = {isa = PBXFileReference; fileEncoding = 4; lastKnownFileType = sourcecode.c.h; path = Spring.h; sourceTree = "<group>"; };
		8B7B03ED1BDFBFC1002D4AF7 /* Spring.swift */ = {isa = PBXFileReference; fileEncoding = 4; lastKnownFileType = sourcecode.swift; path = Spring.swift; sourceTree = "<group>"; };
		8B7B03EE1BDFBFC1002D4AF7 /* SpringAnimation.swift */ = {isa = PBXFileReference; fileEncoding = 4; lastKnownFileType = sourcecode.swift; path = SpringAnimation.swift; sourceTree = "<group>"; };
		8B7B03EF1BDFBFC1002D4AF7 /* SpringButton.swift */ = {isa = PBXFileReference; fileEncoding = 4; lastKnownFileType = sourcecode.swift; path = SpringButton.swift; sourceTree = "<group>"; };
		8B7B03F01BDFBFC1002D4AF7 /* SpringImageView.swift */ = {isa = PBXFileReference; fileEncoding = 4; lastKnownFileType = sourcecode.swift; path = SpringImageView.swift; sourceTree = "<group>"; };
		8B7B03F11BDFBFC1002D4AF7 /* SpringLabel.swift */ = {isa = PBXFileReference; fileEncoding = 4; lastKnownFileType = sourcecode.swift; path = SpringLabel.swift; sourceTree = "<group>"; };
		8B7B03F21BDFBFC1002D4AF7 /* SpringTextField.swift */ = {isa = PBXFileReference; fileEncoding = 4; lastKnownFileType = sourcecode.swift; path = SpringTextField.swift; sourceTree = "<group>"; };
		8B7B03F31BDFBFC1002D4AF7 /* SpringTextView.swift */ = {isa = PBXFileReference; fileEncoding = 4; lastKnownFileType = sourcecode.swift; path = SpringTextView.swift; sourceTree = "<group>"; };
		8B7B03F41BDFBFC1002D4AF7 /* SpringView.swift */ = {isa = PBXFileReference; fileEncoding = 4; lastKnownFileType = sourcecode.swift; path = SpringView.swift; sourceTree = "<group>"; };
		8B7B03F51BDFBFC1002D4AF7 /* TransitionManager.swift */ = {isa = PBXFileReference; fileEncoding = 4; lastKnownFileType = sourcecode.swift; path = TransitionManager.swift; sourceTree = "<group>"; };
		8B7B03F61BDFBFC1002D4AF7 /* TransitionZoom.swift */ = {isa = PBXFileReference; fileEncoding = 4; lastKnownFileType = sourcecode.swift; path = TransitionZoom.swift; sourceTree = "<group>"; };
		8B7B03F71BDFBFC1002D4AF7 /* UnwindSegue.swift */ = {isa = PBXFileReference; fileEncoding = 4; lastKnownFileType = sourcecode.swift; path = UnwindSegue.swift; sourceTree = "<group>"; };
		8B7B04161BDFC03C002D4AF7 /* SwiftyJSON.swift */ = {isa = PBXFileReference; fileEncoding = 4; lastKnownFileType = sourcecode.swift; path = SwiftyJSON.swift; sourceTree = "<group>"; };
		8B7B04191BDFC148002D4AF7 /* Alamofire.h */ = {isa = PBXFileReference; fileEncoding = 4; lastKnownFileType = sourcecode.c.h; path = Alamofire.h; sourceTree = "<group>"; };
		8B7B041A1BDFC148002D4AF7 /* Alamofire.swift */ = {isa = PBXFileReference; fileEncoding = 4; lastKnownFileType = sourcecode.swift; path = Alamofire.swift; sourceTree = "<group>"; };
		8B7B041B1BDFC148002D4AF7 /* Download.swift */ = {isa = PBXFileReference; fileEncoding = 4; lastKnownFileType = sourcecode.swift; path = Download.swift; sourceTree = "<group>"; };
		8B7B041C1BDFC148002D4AF7 /* Error.swift */ = {isa = PBXFileReference; fileEncoding = 4; lastKnownFileType = sourcecode.swift; path = Error.swift; sourceTree = "<group>"; };
		8B7B041D1BDFC148002D4AF7 /* Info.plist */ = {isa = PBXFileReference; fileEncoding = 4; lastKnownFileType = text.plist.xml; path = Info.plist; sourceTree = "<group>"; };
		8B7B041E1BDFC148002D4AF7 /* Manager.swift */ = {isa = PBXFileReference; fileEncoding = 4; lastKnownFileType = sourcecode.swift; path = Manager.swift; sourceTree = "<group>"; };
		8B7B041F1BDFC148002D4AF7 /* MultipartFormData.swift */ = {isa = PBXFileReference; fileEncoding = 4; lastKnownFileType = sourcecode.swift; path = MultipartFormData.swift; sourceTree = "<group>"; };
		8B7B04201BDFC148002D4AF7 /* ParameterEncoding.swift */ = {isa = PBXFileReference; fileEncoding = 4; lastKnownFileType = sourcecode.swift; path = ParameterEncoding.swift; sourceTree = "<group>"; };
		8B7B04211BDFC148002D4AF7 /* Request.swift */ = {isa = PBXFileReference; fileEncoding = 4; lastKnownFileType = sourcecode.swift; path = Request.swift; sourceTree = "<group>"; };
		8B7B04221BDFC148002D4AF7 /* Response.swift */ = {isa = PBXFileReference; fileEncoding = 4; lastKnownFileType = sourcecode.swift; path = Response.swift; sourceTree = "<group>"; };
		8B7B04231BDFC148002D4AF7 /* ResponseSerialization.swift */ = {isa = PBXFileReference; fileEncoding = 4; lastKnownFileType = sourcecode.swift; path = ResponseSerialization.swift; sourceTree = "<group>"; };
		8B7B04241BDFC148002D4AF7 /* Result.swift */ = {isa = PBXFileReference; fileEncoding = 4; lastKnownFileType = sourcecode.swift; path = Result.swift; sourceTree = "<group>"; };
		8B7B04251BDFC148002D4AF7 /* ServerTrustPolicy.swift */ = {isa = PBXFileReference; fileEncoding = 4; lastKnownFileType = sourcecode.swift; path = ServerTrustPolicy.swift; sourceTree = "<group>"; };
		8B7B04261BDFC148002D4AF7 /* Stream.swift */ = {isa = PBXFileReference; fileEncoding = 4; lastKnownFileType = sourcecode.swift; path = Stream.swift; sourceTree = "<group>"; };
		8B7B04271BDFC148002D4AF7 /* Upload.swift */ = {isa = PBXFileReference; fileEncoding = 4; lastKnownFileType = sourcecode.swift; path = Upload.swift; sourceTree = "<group>"; };
		8B7B04281BDFC148002D4AF7 /* Validation.swift */ = {isa = PBXFileReference; fileEncoding = 4; lastKnownFileType = sourcecode.swift; path = Validation.swift; sourceTree = "<group>"; };
		8B7C0C8E1A89004C00470D15 /* FindingServiceViewController.swift */ = {isa = PBXFileReference; fileEncoding = 4; lastKnownFileType = sourcecode.swift; name = FindingServiceViewController.swift; path = Controllers/FindingServiceViewController.swift; sourceTree = "<group>"; };
		8B7C0C901A89090500470D15 /* ServiceAcceptedViewController.swift */ = {isa = PBXFileReference; fileEncoding = 4; lastKnownFileType = sourcecode.swift; name = ServiceAcceptedViewController.swift; path = Controllers/ServiceAcceptedViewController.swift; sourceTree = "<group>"; };
		8B8427B41A9B7551003D1354 /* ChangePasswordViewController.swift */ = {isa = PBXFileReference; fileEncoding = 4; lastKnownFileType = sourcecode.swift; name = ChangePasswordViewController.swift; path = Controllers/ChangePasswordViewController.swift; sourceTree = "<group>"; };
		8B8427B71A9B9E0E003D1354 /* Utils.h */ = {isa = PBXFileReference; fileEncoding = 4; lastKnownFileType = sourcecode.c.h; name = Utils.h; path = Utils/Utils.h; sourceTree = "<group>"; };
		8B8427B81A9B9E0E003D1354 /* Utils.m */ = {isa = PBXFileReference; fileEncoding = 4; lastKnownFileType = sourcecode.c.objc; name = Utils.m; path = Utils/Utils.m; sourceTree = "<group>"; };
		8B8427BA1A9BC3FE003D1354 /* PasswordView.swift */ = {isa = PBXFileReference; fileEncoding = 4; lastKnownFileType = sourcecode.swift; name = PasswordView.swift; path = "Custom Views/PasswordView.swift"; sourceTree = "<group>"; };
		8B8427BC1A9BC429003D1354 /* PasswordView.xib */ = {isa = PBXFileReference; fileEncoding = 4; lastKnownFileType = file.xib; name = PasswordView.xib; path = "Custom Views/PasswordView.xib"; sourceTree = "<group>"; };
		8B8C364B1A8BB42200373EA2 /* MyProfileViewController.swift */ = {isa = PBXFileReference; fileEncoding = 4; lastKnownFileType = sourcecode.swift; name = MyProfileViewController.swift; path = Controllers/MyProfileViewController.swift; sourceTree = "<group>"; };
		8B8C364D1A8BF89100373EA2 /* DeliveryItem.swift */ = {isa = PBXFileReference; fileEncoding = 4; lastKnownFileType = sourcecode.swift; name = DeliveryItem.swift; path = Model/DeliveryItem.swift; sourceTree = "<group>"; };
		8B8DD6721A9FA95200355829 /* ShrinkDismissAnimationController.swift */ = {isa = PBXFileReference; fileEncoding = 4; lastKnownFileType = sourcecode.swift; name = ShrinkDismissAnimationController.swift; path = "Animation Controllers/ShrinkDismissAnimationController.swift"; sourceTree = "<group>"; };
		8B9866D81AB728550091431B /* ImageViewController.swift */ = {isa = PBXFileReference; fileEncoding = 4; lastKnownFileType = sourcecode.swift; name = ImageViewController.swift; path = Controllers/ImageViewController.swift; sourceTree = "<group>"; };
		8B9997E51A9E63C800C8BC75 /* FavouriteMessengersViewController.swift */ = {isa = PBXFileReference; fileEncoding = 4; lastKnownFileType = sourcecode.swift; name = FavouriteMessengersViewController.swift; path = Controllers/FavouriteMessengersViewController.swift; sourceTree = "<group>"; };
		8B9997E71A9E74E400C8BC75 /* FavouriteMessengerCell.swift */ = {isa = PBXFileReference; fileEncoding = 4; lastKnownFileType = sourcecode.swift; name = FavouriteMessengerCell.swift; path = "Custom Cells/FavouriteMessengerCell.swift"; sourceTree = "<group>"; };
		8BA158851B4ADF25005D6248 /* NSMutableURLRequest+Header.swift */ = {isa = PBXFileReference; fileEncoding = 4; lastKnownFileType = sourcecode.swift; name = "NSMutableURLRequest+Header.swift"; path = "Extensions/NSMutableURLRequest+Header.swift"; sourceTree = "<group>"; };
		8BA5A8051A8E441200379651 /* SWRevealViewController.h */ = {isa = PBXFileReference; fileEncoding = 4; lastKnownFileType = sourcecode.c.h; path = SWRevealViewController.h; sourceTree = "<group>"; };
		8BA5A8061A8E441200379651 /* SWRevealViewController.m */ = {isa = PBXFileReference; fileEncoding = 4; lastKnownFileType = sourcecode.c.objc; path = SWRevealViewController.m; sourceTree = "<group>"; };
		8BA5A8081A8E51DE00379651 /* MenuViewController.swift */ = {isa = PBXFileReference; fileEncoding = 4; lastKnownFileType = sourcecode.swift; name = MenuViewController.swift; path = Controllers/MenuViewController.swift; sourceTree = "<group>"; };
		8BA5A80A1A8E71CB00379651 /* ActiveServicesViewController.swift */ = {isa = PBXFileReference; fileEncoding = 4; lastKnownFileType = sourcecode.swift; name = ActiveServicesViewController.swift; path = Controllers/ActiveServicesViewController.swift; sourceTree = "<group>"; };
		8BA5A80D1A8E979A00379651 /* ActiveServiceCell.swift */ = {isa = PBXFileReference; fileEncoding = 4; lastKnownFileType = sourcecode.swift; name = ActiveServiceCell.swift; path = "Custom Cells/ActiveServiceCell.swift"; sourceTree = "<group>"; };
		8BA62C221AA497C8000F9C84 /* RegexValidator.swift */ = {isa = PBXFileReference; fileEncoding = 4; lastKnownFileType = sourcecode.swift; name = RegexValidator.swift; path = Utils/RegexValidator.swift; sourceTree = "<group>"; };
		8BAF8A961A8D411B006F01EC /* MessageUI.framework */ = {isa = PBXFileReference; lastKnownFileType = wrapper.framework; name = MessageUI.framework; path = System/Library/Frameworks/MessageUI.framework; sourceTree = SDKROOT; };
		8BB9BE1A1A892BEF005EC694 /* ForgotPasswordViewController.swift */ = {isa = PBXFileReference; fileEncoding = 4; lastKnownFileType = sourcecode.swift; name = ForgotPasswordViewController.swift; path = Controllers/ForgotPasswordViewController.swift; sourceTree = "<group>"; };
		8BC2031E1AA79A900093D8B3 /* CloseSessionAnimationController.swift */ = {isa = PBXFileReference; fileEncoding = 4; lastKnownFileType = sourcecode.swift; name = CloseSessionAnimationController.swift; path = "Animation Controllers/CloseSessionAnimationController.swift"; sourceTree = "<group>"; };
		8BC2C8711AA0BCA700E25204 /* ServiceImageCell.swift */ = {isa = PBXFileReference; fileEncoding = 4; lastKnownFileType = sourcecode.swift; name = ServiceImageCell.swift; path = "Custom Cells/ServiceImageCell.swift"; sourceTree = "<group>"; };
		8BC2C8741AA0C42500E25204 /* MKAnnotationView+WebCache.h */ = {isa = PBXFileReference; fileEncoding = 4; lastKnownFileType = sourcecode.c.h; path = "MKAnnotationView+WebCache.h"; sourceTree = "<group>"; };
		8BC2C8751AA0C42500E25204 /* MKAnnotationView+WebCache.m */ = {isa = PBXFileReference; fileEncoding = 4; lastKnownFileType = sourcecode.c.objc; path = "MKAnnotationView+WebCache.m"; sourceTree = "<group>"; };
		8BC2C8761AA0C42500E25204 /* NSData+ImageContentType.h */ = {isa = PBXFileReference; fileEncoding = 4; lastKnownFileType = sourcecode.c.h; path = "NSData+ImageContentType.h"; sourceTree = "<group>"; };
		8BC2C8771AA0C42500E25204 /* NSData+ImageContentType.m */ = {isa = PBXFileReference; fileEncoding = 4; lastKnownFileType = sourcecode.c.objc; path = "NSData+ImageContentType.m"; sourceTree = "<group>"; };
		8BC2C8781AA0C42500E25204 /* SDImageCache.h */ = {isa = PBXFileReference; fileEncoding = 4; lastKnownFileType = sourcecode.c.h; path = SDImageCache.h; sourceTree = "<group>"; };
		8BC2C8791AA0C42500E25204 /* SDImageCache.m */ = {isa = PBXFileReference; fileEncoding = 4; lastKnownFileType = sourcecode.c.objc; path = SDImageCache.m; sourceTree = "<group>"; };
		8BC2C87A1AA0C42500E25204 /* SDWebImageCompat.h */ = {isa = PBXFileReference; fileEncoding = 4; lastKnownFileType = sourcecode.c.h; path = SDWebImageCompat.h; sourceTree = "<group>"; };
		8BC2C87B1AA0C42500E25204 /* SDWebImageCompat.m */ = {isa = PBXFileReference; fileEncoding = 4; lastKnownFileType = sourcecode.c.objc; path = SDWebImageCompat.m; sourceTree = "<group>"; };
		8BC2C87C1AA0C42500E25204 /* SDWebImageDecoder.h */ = {isa = PBXFileReference; fileEncoding = 4; lastKnownFileType = sourcecode.c.h; path = SDWebImageDecoder.h; sourceTree = "<group>"; };
		8BC2C87D1AA0C42500E25204 /* SDWebImageDecoder.m */ = {isa = PBXFileReference; fileEncoding = 4; lastKnownFileType = sourcecode.c.objc; path = SDWebImageDecoder.m; sourceTree = "<group>"; };
		8BC2C87E1AA0C42500E25204 /* SDWebImageDownloader.h */ = {isa = PBXFileReference; fileEncoding = 4; lastKnownFileType = sourcecode.c.h; path = SDWebImageDownloader.h; sourceTree = "<group>"; };
		8BC2C87F1AA0C42500E25204 /* SDWebImageDownloader.m */ = {isa = PBXFileReference; fileEncoding = 4; lastKnownFileType = sourcecode.c.objc; path = SDWebImageDownloader.m; sourceTree = "<group>"; };
		8BC2C8801AA0C42500E25204 /* SDWebImageDownloaderOperation.h */ = {isa = PBXFileReference; fileEncoding = 4; lastKnownFileType = sourcecode.c.h; path = SDWebImageDownloaderOperation.h; sourceTree = "<group>"; };
		8BC2C8811AA0C42500E25204 /* SDWebImageDownloaderOperation.m */ = {isa = PBXFileReference; fileEncoding = 4; lastKnownFileType = sourcecode.c.objc; path = SDWebImageDownloaderOperation.m; sourceTree = "<group>"; };
		8BC2C8821AA0C42500E25204 /* SDWebImageManager.h */ = {isa = PBXFileReference; fileEncoding = 4; lastKnownFileType = sourcecode.c.h; path = SDWebImageManager.h; sourceTree = "<group>"; };
		8BC2C8831AA0C42500E25204 /* SDWebImageManager.m */ = {isa = PBXFileReference; fileEncoding = 4; lastKnownFileType = sourcecode.c.objc; path = SDWebImageManager.m; sourceTree = "<group>"; };
		8BC2C8841AA0C42500E25204 /* SDWebImageOperation.h */ = {isa = PBXFileReference; fileEncoding = 4; lastKnownFileType = sourcecode.c.h; path = SDWebImageOperation.h; sourceTree = "<group>"; };
		8BC2C8851AA0C42500E25204 /* SDWebImagePrefetcher.h */ = {isa = PBXFileReference; fileEncoding = 4; lastKnownFileType = sourcecode.c.h; path = SDWebImagePrefetcher.h; sourceTree = "<group>"; };
		8BC2C8861AA0C42500E25204 /* SDWebImagePrefetcher.m */ = {isa = PBXFileReference; fileEncoding = 4; lastKnownFileType = sourcecode.c.objc; path = SDWebImagePrefetcher.m; sourceTree = "<group>"; };
		8BC2C8871AA0C42500E25204 /* UIButton+WebCache.h */ = {isa = PBXFileReference; fileEncoding = 4; lastKnownFileType = sourcecode.c.h; path = "UIButton+WebCache.h"; sourceTree = "<group>"; };
		8BC2C8881AA0C42500E25204 /* UIButton+WebCache.m */ = {isa = PBXFileReference; fileEncoding = 4; lastKnownFileType = sourcecode.c.objc; path = "UIButton+WebCache.m"; sourceTree = "<group>"; };
		8BC2C8891AA0C42500E25204 /* UIImage+GIF.h */ = {isa = PBXFileReference; fileEncoding = 4; lastKnownFileType = sourcecode.c.h; path = "UIImage+GIF.h"; sourceTree = "<group>"; };
		8BC2C88A1AA0C42500E25204 /* UIImage+GIF.m */ = {isa = PBXFileReference; fileEncoding = 4; lastKnownFileType = sourcecode.c.objc; path = "UIImage+GIF.m"; sourceTree = "<group>"; };
		8BC2C88B1AA0C42500E25204 /* UIImage+MultiFormat.h */ = {isa = PBXFileReference; fileEncoding = 4; lastKnownFileType = sourcecode.c.h; path = "UIImage+MultiFormat.h"; sourceTree = "<group>"; };
		8BC2C88C1AA0C42500E25204 /* UIImage+MultiFormat.m */ = {isa = PBXFileReference; fileEncoding = 4; lastKnownFileType = sourcecode.c.objc; path = "UIImage+MultiFormat.m"; sourceTree = "<group>"; };
		8BC2C88D1AA0C42500E25204 /* UIImage+WebP.h */ = {isa = PBXFileReference; fileEncoding = 4; lastKnownFileType = sourcecode.c.h; path = "UIImage+WebP.h"; sourceTree = "<group>"; };
		8BC2C88E1AA0C42500E25204 /* UIImage+WebP.m */ = {isa = PBXFileReference; fileEncoding = 4; lastKnownFileType = sourcecode.c.objc; path = "UIImage+WebP.m"; sourceTree = "<group>"; };
		8BC2C88F1AA0C42500E25204 /* UIImageView+HighlightedWebCache.h */ = {isa = PBXFileReference; fileEncoding = 4; lastKnownFileType = sourcecode.c.h; path = "UIImageView+HighlightedWebCache.h"; sourceTree = "<group>"; };
		8BC2C8901AA0C42500E25204 /* UIImageView+HighlightedWebCache.m */ = {isa = PBXFileReference; fileEncoding = 4; lastKnownFileType = sourcecode.c.objc; path = "UIImageView+HighlightedWebCache.m"; sourceTree = "<group>"; };
		8BC2C8911AA0C42500E25204 /* UIImageView+WebCache.h */ = {isa = PBXFileReference; fileEncoding = 4; lastKnownFileType = sourcecode.c.h; path = "UIImageView+WebCache.h"; sourceTree = "<group>"; };
		8BC2C8921AA0C42500E25204 /* UIImageView+WebCache.m */ = {isa = PBXFileReference; fileEncoding = 4; lastKnownFileType = sourcecode.c.objc; path = "UIImageView+WebCache.m"; sourceTree = "<group>"; };
		8BC2C8931AA0C42500E25204 /* UIView+WebCacheOperation.h */ = {isa = PBXFileReference; fileEncoding = 4; lastKnownFileType = sourcecode.c.h; path = "UIView+WebCacheOperation.h"; sourceTree = "<group>"; };
		8BC2C8941AA0C42500E25204 /* UIView+WebCacheOperation.m */ = {isa = PBXFileReference; fileEncoding = 4; lastKnownFileType = sourcecode.c.objc; path = "UIView+WebCacheOperation.m"; sourceTree = "<group>"; };
		8BC3ED841A938A3D0009C54A /* UIColor+AppColors.swift */ = {isa = PBXFileReference; fileEncoding = 4; lastKnownFileType = sourcecode.swift; name = "UIColor+AppColors.swift"; path = "Extensions/UIColor+AppColors.swift"; sourceTree = "<group>"; };
		8BCC7B761AB9DA330085EDF5 /* ZoomFromCellAnimator.swift */ = {isa = PBXFileReference; fileEncoding = 4; lastKnownFileType = sourcecode.swift; name = ZoomFromCellAnimator.swift; path = "Animation Controllers/ZoomFromCellAnimator.swift"; sourceTree = "<group>"; };
		8BCC7B781AB9E0980085EDF5 /* ZoomTransitionDelegate.swift */ = {isa = PBXFileReference; fileEncoding = 4; lastKnownFileType = sourcecode.swift; name = ZoomTransitionDelegate.swift; path = "Animation Controllers/ZoomTransitionDelegate.swift"; sourceTree = "<group>"; };
		8BCE59351A922C89000C0C1A /* FinishedServicesViewController.swift */ = {isa = PBXFileReference; fileEncoding = 4; lastKnownFileType = sourcecode.swift; name = FinishedServicesViewController.swift; path = Controllers/FinishedServicesViewController.swift; sourceTree = "<group>"; };
		8BCE59381A924EF6000C0C1A /* IntriqueScript_PersonalUse.ttf */ = {isa = PBXFileReference; lastKnownFileType = file; path = IntriqueScript_PersonalUse.ttf; sourceTree = "<group>"; };
		8BDB039C1C04FD0200D495D8 /* Formatters.swift */ = {isa = PBXFileReference; fileEncoding = 4; lastKnownFileType = sourcecode.swift; name = Formatters.swift; path = Utils/Formatters.swift; sourceTree = "<group>"; };
		8BEA65A01A82B1E000C20D5B /* Mensajeria.app */ = {isa = PBXFileReference; explicitFileType = wrapper.application; includeInIndex = 0; path = Mensajeria.app; sourceTree = BUILT_PRODUCTS_DIR; };
		8BEA65A41A82B1E000C20D5B /* Info.plist */ = {isa = PBXFileReference; lastKnownFileType = text.plist.xml; path = Info.plist; sourceTree = "<group>"; };
		8BEA65A51A82B1E000C20D5B /* AppDelegate.swift */ = {isa = PBXFileReference; lastKnownFileType = sourcecode.swift; path = AppDelegate.swift; sourceTree = "<group>"; };
		8BEA65AA1A82B1E100C20D5B /* Base */ = {isa = PBXFileReference; lastKnownFileType = file.storyboard; name = Base; path = Base.lproj/Main.storyboard; sourceTree = "<group>"; };
		8BEA65AC1A82B1E100C20D5B /* Images.xcassets */ = {isa = PBXFileReference; lastKnownFileType = folder.assetcatalog; path = Images.xcassets; sourceTree = "<group>"; };
		8BEA65AF1A82B1E100C20D5B /* Base */ = {isa = PBXFileReference; lastKnownFileType = file.xib; name = Base; path = Base.lproj/LaunchScreen.xib; sourceTree = "<group>"; };
		8BEA65B51A82B1E100C20D5B /* MensajeriaTests.xctest */ = {isa = PBXFileReference; explicitFileType = wrapper.cfbundle; includeInIndex = 0; path = MensajeriaTests.xctest; sourceTree = BUILT_PRODUCTS_DIR; };
		8BEA65BA1A82B1E100C20D5B /* Info.plist */ = {isa = PBXFileReference; lastKnownFileType = text.plist.xml; path = Info.plist; sourceTree = "<group>"; };
		8BEA65BB1A82B1E100C20D5B /* MensajeriaTests.swift */ = {isa = PBXFileReference; lastKnownFileType = sourcecode.swift; path = MensajeriaTests.swift; sourceTree = "<group>"; };
		8BEA65C61A82B98500C20D5B /* LoginViewController.swift */ = {isa = PBXFileReference; fileEncoding = 4; lastKnownFileType = sourcecode.swift; name = LoginViewController.swift; path = Controllers/LoginViewController.swift; sourceTree = "<group>"; };
		8BEA65CE1A82C6EB00C20D5B /* MBProgressHUD.h */ = {isa = PBXFileReference; fileEncoding = 4; lastKnownFileType = sourcecode.c.h; path = MBProgressHUD.h; sourceTree = "<group>"; };
		8BEA65CF1A82C6EB00C20D5B /* MBProgressHUD.m */ = {isa = PBXFileReference; fileEncoding = 4; lastKnownFileType = sourcecode.c.objc; path = MBProgressHUD.m; sourceTree = "<group>"; };
		8BEA65DB1A82CA0A00C20D5B /* BridgingHeader.h */ = {isa = PBXFileReference; lastKnownFileType = sourcecode.c.h; path = BridgingHeader.h; sourceTree = "<group>"; };
		8BFB802C1C1EF0AF003152F6 /* ServerRequests.swift */ = {isa = PBXFileReference; fileEncoding = 4; lastKnownFileType = sourcecode.swift; name = ServerRequests.swift; path = Utils/ServerRequests.swift; sourceTree = "<group>"; };
		8BFC63A01C49199400E5385F /* M13Checkbox.h */ = {isa = PBXFileReference; fileEncoding = 4; lastKnownFileType = sourcecode.c.h; path = M13Checkbox.h; sourceTree = "<group>"; };
		8BFC63A11C49199400E5385F /* M13Checkbox.m */ = {isa = PBXFileReference; fileEncoding = 4; lastKnownFileType = sourcecode.c.objc; path = M13Checkbox.m; sourceTree = "<group>"; };
		8BFE96FA1BDFE63500CE7A82 /* WrapperAlamofire.swift */ = {isa = PBXFileReference; fileEncoding = 4; lastKnownFileType = sourcecode.swift; name = WrapperAlamofire.swift; path = Model/WrapperAlamofire.swift; sourceTree = "<group>"; };
		A0587FED1A83B49900E83E5D /* CreateAccountViewController.swift */ = {isa = PBXFileReference; fileEncoding = 4; lastKnownFileType = sourcecode.swift; name = CreateAccountViewController.swift; path = Controllers/CreateAccountViewController.swift; sourceTree = "<group>"; };
		A0AFE1471A83D31F0025CACF /* TermsConditionsViewController.swift */ = {isa = PBXFileReference; fileEncoding = 4; lastKnownFileType = sourcecode.swift; name = TermsConditionsViewController.swift; path = Controllers/TermsConditionsViewController.swift; sourceTree = "<group>"; };
		A0AFE1491A83D6410025CACF /* RequestServiceViewController.swift */ = {isa = PBXFileReference; fileEncoding = 4; lastKnownFileType = sourcecode.swift; name = RequestServiceViewController.swift; path = Controllers/RequestServiceViewController.swift; sourceTree = "<group>"; };
		A0AFE14B1A83E9090025CACF /* GoogleMaps.framework */ = {isa = PBXFileReference; lastKnownFileType = wrapper.framework; path = GoogleMaps.framework; sourceTree = "<group>"; };
		A0AFE14D1A83EA350025CACF /* GoogleMaps.bundle */ = {isa = PBXFileReference; lastKnownFileType = "wrapper.plug-in"; path = GoogleMaps.bundle; sourceTree = "<group>"; };
		A0AFE14F1A83EB110025CACF /* CoreData.framework */ = {isa = PBXFileReference; lastKnownFileType = wrapper.framework; name = CoreData.framework; path = System/Library/Frameworks/CoreData.framework; sourceTree = SDKROOT; };
		A0AFE1511A83EB160025CACF /* CoreLocation.framework */ = {isa = PBXFileReference; lastKnownFileType = wrapper.framework; name = CoreLocation.framework; path = System/Library/Frameworks/CoreLocation.framework; sourceTree = SDKROOT; };
		A0AFE1531A83EB1E0025CACF /* AVFoundation.framework */ = {isa = PBXFileReference; lastKnownFileType = wrapper.framework; name = AVFoundation.framework; path = System/Library/Frameworks/AVFoundation.framework; sourceTree = SDKROOT; };
		A0AFE1551A83EB220025CACF /* CoreText.framework */ = {isa = PBXFileReference; lastKnownFileType = wrapper.framework; name = CoreText.framework; path = System/Library/Frameworks/CoreText.framework; sourceTree = SDKROOT; };
		A0AFE1571A83EB2C0025CACF /* GLKit.framework */ = {isa = PBXFileReference; lastKnownFileType = wrapper.framework; name = GLKit.framework; path = System/Library/Frameworks/GLKit.framework; sourceTree = SDKROOT; };
		A0AFE1591A83EB310025CACF /* ImageIO.framework */ = {isa = PBXFileReference; lastKnownFileType = wrapper.framework; name = ImageIO.framework; path = System/Library/Frameworks/ImageIO.framework; sourceTree = SDKROOT; };
		A0AFE15B1A83EB3A0025CACF /* libc++.dylib */ = {isa = PBXFileReference; lastKnownFileType = "compiled.mach-o.dylib"; name = "libc++.dylib"; path = "usr/lib/libc++.dylib"; sourceTree = SDKROOT; };
		A0AFE15D1A83EB440025CACF /* libicucore.dylib */ = {isa = PBXFileReference; lastKnownFileType = "compiled.mach-o.dylib"; name = libicucore.dylib; path = usr/lib/libicucore.dylib; sourceTree = SDKROOT; };
		A0AFE15F1A83EB4D0025CACF /* libz.dylib */ = {isa = PBXFileReference; lastKnownFileType = "compiled.mach-o.dylib"; name = libz.dylib; path = usr/lib/libz.dylib; sourceTree = SDKROOT; };
		A0AFE1611A83EB550025CACF /* OpenGLES.framework */ = {isa = PBXFileReference; lastKnownFileType = wrapper.framework; name = OpenGLES.framework; path = System/Library/Frameworks/OpenGLES.framework; sourceTree = SDKROOT; };
		A0AFE1631A83EB5B0025CACF /* QuartzCore.framework */ = {isa = PBXFileReference; lastKnownFileType = wrapper.framework; name = QuartzCore.framework; path = System/Library/Frameworks/QuartzCore.framework; sourceTree = SDKROOT; };
		A0AFE1651A83EB640025CACF /* SystemConfiguration.framework */ = {isa = PBXFileReference; lastKnownFileType = wrapper.framework; name = SystemConfiguration.framework; path = System/Library/Frameworks/SystemConfiguration.framework; sourceTree = SDKROOT; };
		A0AFE1681A84008A0025CACF /* MapViewController.swift */ = {isa = PBXFileReference; fileEncoding = 4; lastKnownFileType = sourcecode.swift; name = MapViewController.swift; path = Controllers/MapViewController.swift; sourceTree = "<group>"; };
/* End PBXFileReference section */

/* Begin PBXFrameworksBuildPhase section */
		8BEA659D1A82B1E000C20D5B /* Frameworks */ = {
			isa = PBXFrameworksBuildPhase;
			buildActionMask = 2147483647;
			files = (
				A0AFE1661A83EB640025CACF /* SystemConfiguration.framework in Frameworks */,
				A0AFE1641A83EB5B0025CACF /* QuartzCore.framework in Frameworks */,
				A0AFE1621A83EB550025CACF /* OpenGLES.framework in Frameworks */,
				A0AFE1601A83EB4D0025CACF /* libz.dylib in Frameworks */,
				A0AFE15E1A83EB440025CACF /* libicucore.dylib in Frameworks */,
				A0AFE15C1A83EB3A0025CACF /* libc++.dylib in Frameworks */,
				A0AFE15A1A83EB310025CACF /* ImageIO.framework in Frameworks */,
				A0AFE1581A83EB2C0025CACF /* GLKit.framework in Frameworks */,
				A0AFE1561A83EB220025CACF /* CoreText.framework in Frameworks */,
				A0AFE1541A83EB1E0025CACF /* AVFoundation.framework in Frameworks */,
				A0AFE1521A83EB160025CACF /* CoreLocation.framework in Frameworks */,
				A0AFE1501A83EB110025CACF /* CoreData.framework in Frameworks */,
				A0AFE14C1A83E9090025CACF /* GoogleMaps.framework in Frameworks */,
			);
			runOnlyForDeploymentPostprocessing = 0;
		};
		8BEA65B21A82B1E100C20D5B /* Frameworks */ = {
			isa = PBXFrameworksBuildPhase;
			buildActionMask = 2147483647;
			files = (
			);
			runOnlyForDeploymentPostprocessing = 0;
		};
/* End PBXFrameworksBuildPhase section */

/* Begin PBXGroup section */
		8B0D80CD1A961ACC0058A6F4 /* MONActivityIndicatorView */ = {
			isa = PBXGroup;
			children = (
				8B0D80CE1A961ACC0058A6F4 /* MONActivityIndicatorView.h */,
				8B0D80CF1A961ACC0058A6F4 /* MONActivityIndicatorView.m */,
			);
			path = MONActivityIndicatorView;
			sourceTree = "<group>";
		};
		8B25B66A1C16001D00810A84 /* JVFloatLabeledTextField */ = {
			isa = PBXGroup;
			children = (
				8B25B66B1C16001D00810A84 /* JVFloatLabeledTextField.h */,
				8B25B66C1C16001D00810A84 /* JVFloatLabeledTextField.m */,
				8B25B66D1C16001D00810A84 /* JVFloatLabeledTextView.h */,
				8B25B66E1C16001D00810A84 /* JVFloatLabeledTextView.m */,
				8B25B66F1C16001D00810A84 /* NSString+TextDirectionality.h */,
				8B25B6701C16001D00810A84 /* NSString+TextDirectionality.m */,
			);
			path = JVFloatLabeledTextField;
			sourceTree = "<group>";
		};
		8B2F05C31A856B13007C462B /* Model */ = {
			isa = PBXGroup;
			children = (
				8B2F05C41A856B26007C462B /* User.swift */,
				8B8C364D1A8BF89100373EA2 /* DeliveryItem.swift */,
				8B713BBF1A94E03500800798 /* AppInfo.swift */,
				8BFE96FA1BDFE63500CE7A82 /* WrapperAlamofire.swift */,
			);
			name = Model;
			sourceTree = "<group>";
		};
		8B31584B1A8910BF005F43E4 /* RatingView */ = {
			isa = PBXGroup;
			children = (
				8B31584C1A8910BF005F43E4 /* RatingView.h */,
				8B31584D1A8910BF005F43E4 /* RatingView.m */,
			);
			path = RatingView;
			sourceTree = "<group>";
		};
		8B31584F1A8915F0005F43E4 /* Resources */ = {
			isa = PBXGroup;
			children = (
				8BCE59371A924EF6000C0C1A /* Fonts */,
				8B3158501A8915F0005F43E4 /* Images */,
			);
			path = Resources;
			sourceTree = "<group>";
		};
		8B3158501A8915F0005F43E4 /* Images */ = {
			isa = PBXGroup;
			children = (
				8B3158511A8915F0005F43E4 /* blueStar.png */,
				8B3158521A8915F0005F43E4 /* grayStar.png */,
			);
			path = Images;
			sourceTree = "<group>";
		};
		8B713BC11A95065C00800798 /* Custom Views */ = {
			isa = PBXGroup;
			children = (
				8B713BC21A95068B00800798 /* ShadowedView.swift */,
				8B0D80D11A964E950058A6F4 /* ShadowedButton.swift */,
				8B8427BA1A9BC3FE003D1354 /* PasswordView.swift */,
				8B8427BC1A9BC429003D1354 /* PasswordView.xib */,
			);
			name = "Custom Views";
			sourceTree = "<group>";
		};
		8B7B03D91BDFBFC1002D4AF7 /* Spring */ = {
			isa = PBXGroup;
			children = (
				8B7B03DA1BDFBFC1002D4AF7 /* AsyncButton.swift */,
				8B7B03DB1BDFBFC1002D4AF7 /* AsyncImageView.swift */,
				8B7B03DC1BDFBFC1002D4AF7 /* AutoTextView.swift */,
				8B7B03DD1BDFBFC1002D4AF7 /* BlurView.swift */,
				8B7B03DE1BDFBFC1002D4AF7 /* DesignableButton.swift */,
				8B7B03DF1BDFBFC1002D4AF7 /* DesignableImageView.swift */,
				8B7B03E01BDFBFC1002D4AF7 /* DesignableLabel.swift */,
				8B7B03E11BDFBFC1002D4AF7 /* DesignableTabBarController.swift */,
				8B7B03E21BDFBFC1002D4AF7 /* DesignableTextField.swift */,
				8B7B03E31BDFBFC1002D4AF7 /* DesignableTextView.swift */,
				8B7B03E41BDFBFC1002D4AF7 /* DesignableView.swift */,
				8B7B03E51BDFBFC1002D4AF7 /* ImageLoader.swift */,
				8B7B03E61BDFBFC1002D4AF7 /* Info.plist */,
				8B7B03E71BDFBFC1002D4AF7 /* KeyboardLayoutConstraint.swift */,
				8B7B03E81BDFBFC1002D4AF7 /* LoadingView.swift */,
				8B7B03E91BDFBFC1002D4AF7 /* LoadingView.xib */,
				8B7B03EA1BDFBFC1002D4AF7 /* Misc.swift */,
				8B7B03EB1BDFBFC1002D4AF7 /* SoundPlayer.swift */,
				8B7B03EC1BDFBFC1002D4AF7 /* Spring.h */,
				8B7B03ED1BDFBFC1002D4AF7 /* Spring.swift */,
				8B7B03EE1BDFBFC1002D4AF7 /* SpringAnimation.swift */,
				8B7B03EF1BDFBFC1002D4AF7 /* SpringButton.swift */,
				8B7B03F01BDFBFC1002D4AF7 /* SpringImageView.swift */,
				8B7B03F11BDFBFC1002D4AF7 /* SpringLabel.swift */,
				8B7B03F21BDFBFC1002D4AF7 /* SpringTextField.swift */,
				8B7B03F31BDFBFC1002D4AF7 /* SpringTextView.swift */,
				8B7B03F41BDFBFC1002D4AF7 /* SpringView.swift */,
				8B7B03F51BDFBFC1002D4AF7 /* TransitionManager.swift */,
				8B7B03F61BDFBFC1002D4AF7 /* TransitionZoom.swift */,
				8B7B03F71BDFBFC1002D4AF7 /* UnwindSegue.swift */,
			);
			path = Spring;
			sourceTree = "<group>";
		};
		8B7B04151BDFC03C002D4AF7 /* SwiftyJSON */ = {
			isa = PBXGroup;
			children = (
				8B7B04161BDFC03C002D4AF7 /* SwiftyJSON.swift */,
			);
			path = SwiftyJSON;
			sourceTree = "<group>";
		};
		8B7B04181BDFC148002D4AF7 /* Alamofire */ = {
			isa = PBXGroup;
			children = (
				8B7B04191BDFC148002D4AF7 /* Alamofire.h */,
				8B7B041A1BDFC148002D4AF7 /* Alamofire.swift */,
				8B7B041B1BDFC148002D4AF7 /* Download.swift */,
				8B7B041C1BDFC148002D4AF7 /* Error.swift */,
				8B7B041D1BDFC148002D4AF7 /* Info.plist */,
				8B7B041E1BDFC148002D4AF7 /* Manager.swift */,
				8B7B041F1BDFC148002D4AF7 /* MultipartFormData.swift */,
				8B7B04201BDFC148002D4AF7 /* ParameterEncoding.swift */,
				8B7B04211BDFC148002D4AF7 /* Request.swift */,
				8B7B04221BDFC148002D4AF7 /* Response.swift */,
				8B7B04231BDFC148002D4AF7 /* ResponseSerialization.swift */,
				8B7B04241BDFC148002D4AF7 /* Result.swift */,
				8B7B04251BDFC148002D4AF7 /* ServerTrustPolicy.swift */,
				8B7B04261BDFC148002D4AF7 /* Stream.swift */,
				8B7B04271BDFC148002D4AF7 /* Upload.swift */,
				8B7B04281BDFC148002D4AF7 /* Validation.swift */,
			);
			path = Alamofire;
			sourceTree = "<group>";
		};
		8B8427B61A9B9DED003D1354 /* Utils */ = {
			isa = PBXGroup;
			children = (
				8B8427B71A9B9E0E003D1354 /* Utils.h */,
				8B8427B81A9B9E0E003D1354 /* Utils.m */,
				8BA62C221AA497C8000F9C84 /* RegexValidator.swift */,
				8BDB039C1C04FD0200D495D8 /* Formatters.swift */,
				8BFB802C1C1EF0AF003152F6 /* ServerRequests.swift */,
			);
			name = Utils;
			sourceTree = "<group>";
		};
		8B8DD6711A9FA93200355829 /* AnimationControllers */ = {
			isa = PBXGroup;
			children = (
				8B8DD6721A9FA95200355829 /* ShrinkDismissAnimationController.swift */,
				8BC2031E1AA79A900093D8B3 /* CloseSessionAnimationController.swift */,
				8BCC7B761AB9DA330085EDF5 /* ZoomFromCellAnimator.swift */,
				8BCC7B781AB9E0980085EDF5 /* ZoomTransitionDelegate.swift */,
			);
			name = AnimationControllers;
			sourceTree = "<group>";
		};
		8BA5A8041A8E441200379651 /* SWRevealViewController */ = {
			isa = PBXGroup;
			children = (
				8BA5A8051A8E441200379651 /* SWRevealViewController.h */,
				8BA5A8061A8E441200379651 /* SWRevealViewController.m */,
			);
			path = SWRevealViewController;
			sourceTree = "<group>";
		};
		8BA5A80C1A8E977900379651 /* Custom Cells */ = {
			isa = PBXGroup;
			children = (
				8BA5A80D1A8E979A00379651 /* ActiveServiceCell.swift */,
				8B1204471A93B7C8000B2020 /* AddressCell.swift */,
				8B1204491A93D39B000B2020 /* MenuCell.swift */,
				8B9997E71A9E74E400C8BC75 /* FavouriteMessengerCell.swift */,
				8BC2C8711AA0BCA700E25204 /* ServiceImageCell.swift */,
			);
			name = "Custom Cells";
			sourceTree = "<group>";
		};
		8BC2C8731AA0C42500E25204 /* SDWebImage */ = {
			isa = PBXGroup;
			children = (
				8BC2C8741AA0C42500E25204 /* MKAnnotationView+WebCache.h */,
				8BC2C8751AA0C42500E25204 /* MKAnnotationView+WebCache.m */,
				8BC2C8761AA0C42500E25204 /* NSData+ImageContentType.h */,
				8BC2C8771AA0C42500E25204 /* NSData+ImageContentType.m */,
				8BC2C8781AA0C42500E25204 /* SDImageCache.h */,
				8BC2C8791AA0C42500E25204 /* SDImageCache.m */,
				8BC2C87A1AA0C42500E25204 /* SDWebImageCompat.h */,
				8BC2C87B1AA0C42500E25204 /* SDWebImageCompat.m */,
				8BC2C87C1AA0C42500E25204 /* SDWebImageDecoder.h */,
				8BC2C87D1AA0C42500E25204 /* SDWebImageDecoder.m */,
				8BC2C87E1AA0C42500E25204 /* SDWebImageDownloader.h */,
				8BC2C87F1AA0C42500E25204 /* SDWebImageDownloader.m */,
				8BC2C8801AA0C42500E25204 /* SDWebImageDownloaderOperation.h */,
				8BC2C8811AA0C42500E25204 /* SDWebImageDownloaderOperation.m */,
				8BC2C8821AA0C42500E25204 /* SDWebImageManager.h */,
				8BC2C8831AA0C42500E25204 /* SDWebImageManager.m */,
				8BC2C8841AA0C42500E25204 /* SDWebImageOperation.h */,
				8BC2C8851AA0C42500E25204 /* SDWebImagePrefetcher.h */,
				8BC2C8861AA0C42500E25204 /* SDWebImagePrefetcher.m */,
				8BC2C8871AA0C42500E25204 /* UIButton+WebCache.h */,
				8BC2C8881AA0C42500E25204 /* UIButton+WebCache.m */,
				8BC2C8891AA0C42500E25204 /* UIImage+GIF.h */,
				8BC2C88A1AA0C42500E25204 /* UIImage+GIF.m */,
				8BC2C88B1AA0C42500E25204 /* UIImage+MultiFormat.h */,
				8BC2C88C1AA0C42500E25204 /* UIImage+MultiFormat.m */,
				8BC2C88D1AA0C42500E25204 /* UIImage+WebP.h */,
				8BC2C88E1AA0C42500E25204 /* UIImage+WebP.m */,
				8BC2C88F1AA0C42500E25204 /* UIImageView+HighlightedWebCache.h */,
				8BC2C8901AA0C42500E25204 /* UIImageView+HighlightedWebCache.m */,
				8BC2C8911AA0C42500E25204 /* UIImageView+WebCache.h */,
				8BC2C8921AA0C42500E25204 /* UIImageView+WebCache.m */,
				8BC2C8931AA0C42500E25204 /* UIView+WebCacheOperation.h */,
				8BC2C8941AA0C42500E25204 /* UIView+WebCacheOperation.m */,
			);
			path = SDWebImage;
			sourceTree = "<group>";
		};
		8BC3ED831A938A170009C54A /* Extensions */ = {
			isa = PBXGroup;
			children = (
				8BA158851B4ADF25005D6248 /* NSMutableURLRequest+Header.swift */,
				8BC3ED841A938A3D0009C54A /* UIColor+AppColors.swift */,
			);
			name = Extensions;
			sourceTree = "<group>";
		};
		8BCE59371A924EF6000C0C1A /* Fonts */ = {
			isa = PBXGroup;
			children = (
				8BCE59381A924EF6000C0C1A /* IntriqueScript_PersonalUse.ttf */,
			);
			path = Fonts;
			sourceTree = "<group>";
		};
		8BEA65971A82B1E000C20D5B = {
			isa = PBXGroup;
			children = (
				A0AFE1671A83EBAA0025CACF /* Frameworks */,
				8BEA65A21A82B1E000C20D5B /* Mensajeria */,
				8BEA65B81A82B1E100C20D5B /* MensajeriaTests */,
				8BEA65A11A82B1E000C20D5B /* Products */,
			);
			sourceTree = "<group>";
		};
		8BEA65A11A82B1E000C20D5B /* Products */ = {
			isa = PBXGroup;
			children = (
				8BEA65A01A82B1E000C20D5B /* Mensajeria.app */,
				8BEA65B51A82B1E100C20D5B /* MensajeriaTests.xctest */,
			);
			name = Products;
			sourceTree = "<group>";
		};
		8BEA65A21A82B1E000C20D5B /* Mensajeria */ = {
			isa = PBXGroup;
			children = (
				8B8DD6711A9FA93200355829 /* AnimationControllers */,
				8B8427B61A9B9DED003D1354 /* Utils */,
				8B713BC11A95065C00800798 /* Custom Views */,
				8BC3ED831A938A170009C54A /* Extensions */,
				8BA5A80C1A8E977900379651 /* Custom Cells */,
				8B2F05C31A856B13007C462B /* Model */,
				8BEA65C81A82C29900C20D5B /* Librerias */,
				8BEA65C51A82B95800C20D5B /* Controllers */,
				8BEA65A91A82B1E100C20D5B /* Main.storyboard */,
				8BEA65A51A82B1E000C20D5B /* AppDelegate.swift */,
				8BEA65AC1A82B1E100C20D5B /* Images.xcassets */,
				8BEA65AE1A82B1E100C20D5B /* LaunchScreen.xib */,
				8BEA65A31A82B1E000C20D5B /* Supporting Files */,
				8BEA65DB1A82CA0A00C20D5B /* BridgingHeader.h */,
			);
			path = Mensajeria;
			sourceTree = "<group>";
		};
		8BEA65A31A82B1E000C20D5B /* Supporting Files */ = {
			isa = PBXGroup;
			children = (
				8B31584F1A8915F0005F43E4 /* Resources */,
				8BEA65A41A82B1E000C20D5B /* Info.plist */,
			);
			name = "Supporting Files";
			sourceTree = "<group>";
		};
		8BEA65B81A82B1E100C20D5B /* MensajeriaTests */ = {
			isa = PBXGroup;
			children = (
				8BEA65BB1A82B1E100C20D5B /* MensajeriaTests.swift */,
				8BEA65B91A82B1E100C20D5B /* Supporting Files */,
			);
			path = MensajeriaTests;
			sourceTree = "<group>";
		};
		8BEA65B91A82B1E100C20D5B /* Supporting Files */ = {
			isa = PBXGroup;
			children = (
				8BEA65BA1A82B1E100C20D5B /* Info.plist */,
			);
			name = "Supporting Files";
			sourceTree = "<group>";
		};
		8BEA65C51A82B95800C20D5B /* Controllers */ = {
			isa = PBXGroup;
			children = (
				8BEA65C61A82B98500C20D5B /* LoginViewController.swift */,
				A0587FED1A83B49900E83E5D /* CreateAccountViewController.swift */,
				A0AFE1471A83D31F0025CACF /* TermsConditionsViewController.swift */,
				8B560D801BF217DC004F1F95 /* InitialMapViewController.swift */,
				A0AFE1491A83D6410025CACF /* RequestServiceViewController.swift */,
				A0AFE1681A84008A0025CACF /* MapViewController.swift */,
				8B1E05C21B90CD48007EECA0 /* SearchAddressViewController.swift */,
				8B2F05C11A8521E9007C462B /* AddressHistoryViewController.swift */,
				8B7C0C8E1A89004C00470D15 /* FindingServiceViewController.swift */,
				8B7C0C901A89090500470D15 /* ServiceAcceptedViewController.swift */,
				8B3158551A89201B005F43E4 /* RateDriverViewController.swift */,
				8BB9BE1A1A892BEF005EC694 /* ForgotPasswordViewController.swift */,
				8B8C364B1A8BB42200373EA2 /* MyProfileViewController.swift */,
				8BA5A8081A8E51DE00379651 /* MenuViewController.swift */,
				8B770CD11ABCAF6E00486FBE /* AbortedServicesViewController.swift */,
				8BA5A80A1A8E71CB00379651 /* ActiveServicesViewController.swift */,
				8BCE59351A922C89000C0C1A /* FinishedServicesViewController.swift */,
				8B8427B41A9B7551003D1354 /* ChangePasswordViewController.swift */,
				8B9997E51A9E63C800C8BC75 /* FavouriteMessengersViewController.swift */,
				8B9866D81AB728550091431B /* ImageViewController.swift */,
				8B33E7271B9A403900BC4417 /* PendingRateViewController.swift */,
			);
			name = Controllers;
			sourceTree = "<group>";
		};
		8BEA65C81A82C29900C20D5B /* Librerias */ = {
			isa = PBXGroup;
			children = (
				8BFC639F1C49199400E5385F /* M13Checkbox */,
				8B25B66A1C16001D00810A84 /* JVFloatLabeledTextField */,
				8B7B04181BDFC148002D4AF7 /* Alamofire */,
				8B7B04151BDFC03C002D4AF7 /* SwiftyJSON */,
				8B7B03D91BDFBFC1002D4AF7 /* Spring */,
				8BC2C8731AA0C42500E25204 /* SDWebImage */,
				8B0D80CD1A961ACC0058A6F4 /* MONActivityIndicatorView */,
				8BA5A8041A8E441200379651 /* SWRevealViewController */,
				8B31584B1A8910BF005F43E4 /* RatingView */,
				8BEA65CD1A82C6EB00C20D5B /* MBProgressHUD */,
			);
			path = Librerias;
			sourceTree = "<group>";
		};
		8BEA65CD1A82C6EB00C20D5B /* MBProgressHUD */ = {
			isa = PBXGroup;
			children = (
				8BEA65CE1A82C6EB00C20D5B /* MBProgressHUD.h */,
				8BEA65CF1A82C6EB00C20D5B /* MBProgressHUD.m */,
			);
			path = MBProgressHUD;
			sourceTree = "<group>";
		};
		8BFC639F1C49199400E5385F /* M13Checkbox */ = {
			isa = PBXGroup;
			children = (
				8BFC63A01C49199400E5385F /* M13Checkbox.h */,
				8BFC63A11C49199400E5385F /* M13Checkbox.m */,
			);
			path = M13Checkbox;
			sourceTree = "<group>";
		};
		A0AFE1671A83EBAA0025CACF /* Frameworks */ = {
			isa = PBXGroup;
			children = (
				8BAF8A961A8D411B006F01EC /* MessageUI.framework */,
				A0AFE1651A83EB640025CACF /* SystemConfiguration.framework */,
				A0AFE1631A83EB5B0025CACF /* QuartzCore.framework */,
				A0AFE1611A83EB550025CACF /* OpenGLES.framework */,
				A0AFE15F1A83EB4D0025CACF /* libz.dylib */,
				A0AFE15D1A83EB440025CACF /* libicucore.dylib */,
				A0AFE15B1A83EB3A0025CACF /* libc++.dylib */,
				A0AFE1591A83EB310025CACF /* ImageIO.framework */,
				A0AFE1571A83EB2C0025CACF /* GLKit.framework */,
				A0AFE1551A83EB220025CACF /* CoreText.framework */,
				A0AFE1531A83EB1E0025CACF /* AVFoundation.framework */,
				A0AFE1511A83EB160025CACF /* CoreLocation.framework */,
				A0AFE14F1A83EB110025CACF /* CoreData.framework */,
				A0AFE14D1A83EA350025CACF /* GoogleMaps.bundle */,
				A0AFE14B1A83E9090025CACF /* GoogleMaps.framework */,
			);
			name = Frameworks;
			sourceTree = "<group>";
		};
/* End PBXGroup section */

/* Begin PBXNativeTarget section */
		8BEA659F1A82B1E000C20D5B /* Mensajeria */ = {
			isa = PBXNativeTarget;
			buildConfigurationList = 8BEA65BF1A82B1E100C20D5B /* Build configuration list for PBXNativeTarget "Mensajeria" */;
			buildPhases = (
				8BEA659C1A82B1E000C20D5B /* Sources */,
				8BEA659D1A82B1E000C20D5B /* Frameworks */,
				8BEA659E1A82B1E000C20D5B /* Resources */,
			);
			buildRules = (
			);
			dependencies = (
			);
			name = Mensajeria;
			productName = Mensajeria;
			productReference = 8BEA65A01A82B1E000C20D5B /* Mensajeria.app */;
			productType = "com.apple.product-type.application";
		};
		8BEA65B41A82B1E100C20D5B /* MensajeriaTests */ = {
			isa = PBXNativeTarget;
			buildConfigurationList = 8BEA65C21A82B1E100C20D5B /* Build configuration list for PBXNativeTarget "MensajeriaTests" */;
			buildPhases = (
				8BEA65B11A82B1E100C20D5B /* Sources */,
				8BEA65B21A82B1E100C20D5B /* Frameworks */,
				8BEA65B31A82B1E100C20D5B /* Resources */,
			);
			buildRules = (
			);
			dependencies = (
				8BEA65B71A82B1E100C20D5B /* PBXTargetDependency */,
			);
			name = MensajeriaTests;
			productName = MensajeriaTests;
			productReference = 8BEA65B51A82B1E100C20D5B /* MensajeriaTests.xctest */;
			productType = "com.apple.product-type.bundle.unit-test";
		};
/* End PBXNativeTarget section */

/* Begin PBXProject section */
		8BEA65981A82B1E000C20D5B /* Project object */ = {
			isa = PBXProject;
			attributes = {
				LastSwiftMigration = 0700;
				LastSwiftUpdateCheck = 0700;
				LastUpgradeCheck = 0720;
				ORGANIZATIONNAME = "iAm Studio";
				TargetAttributes = {
					8BEA659F1A82B1E000C20D5B = {
						CreatedOnToolsVersion = 6.1.1;
						DevelopmentTeam = 4U39LJL48R;
					};
					8BEA65B41A82B1E100C20D5B = {
						CreatedOnToolsVersion = 6.1.1;
						TestTargetID = 8BEA659F1A82B1E000C20D5B;
					};
				};
			};
			buildConfigurationList = 8BEA659B1A82B1E000C20D5B /* Build configuration list for PBXProject "Mensajeria" */;
			compatibilityVersion = "Xcode 3.2";
			developmentRegion = English;
			hasScannedForEncodings = 0;
			knownRegions = (
				en,
				Base,
			);
			mainGroup = 8BEA65971A82B1E000C20D5B;
			productRefGroup = 8BEA65A11A82B1E000C20D5B /* Products */;
			projectDirPath = "";
			projectRoot = "";
			targets = (
				8BEA659F1A82B1E000C20D5B /* Mensajeria */,
				8BEA65B41A82B1E100C20D5B /* MensajeriaTests */,
			);
		};
/* End PBXProject section */

/* Begin PBXResourcesBuildPhase section */
		8BEA659E1A82B1E000C20D5B /* Resources */ = {
			isa = PBXResourcesBuildPhase;
			buildActionMask = 2147483647;
			files = (
				8B3158531A8915F0005F43E4 /* blueStar.png in Resources */,
				8BEA65AB1A82B1E100C20D5B /* Main.storyboard in Resources */,
				8B7B04041BDFBFC1002D4AF7 /* Info.plist in Resources */,
				8BCE59391A924EF6000C0C1A /* IntriqueScript_PersonalUse.ttf in Resources */,
				8BEA65B01A82B1E100C20D5B /* LaunchScreen.xib in Resources */,
				8BEA65AD1A82B1E100C20D5B /* Images.xcassets in Resources */,
				8B3158541A8915F0005F43E4 /* grayStar.png in Resources */,
				A0AFE14E1A83EA350025CACF /* GoogleMaps.bundle in Resources */,
				8B7B042C1BDFC148002D4AF7 /* Info.plist in Resources */,
				8B8427BD1A9BC429003D1354 /* PasswordView.xib in Resources */,
				8B7B04071BDFBFC1002D4AF7 /* LoadingView.xib in Resources */,
			);
			runOnlyForDeploymentPostprocessing = 0;
		};
		8BEA65B31A82B1E100C20D5B /* Resources */ = {
			isa = PBXResourcesBuildPhase;
			buildActionMask = 2147483647;
			files = (
			);
			runOnlyForDeploymentPostprocessing = 0;
		};
/* End PBXResourcesBuildPhase section */

/* Begin PBXSourcesBuildPhase section */
		8BEA659C1A82B1E000C20D5B /* Sources */ = {
			isa = PBXSourcesBuildPhase;
			buildActionMask = 2147483647;
			files = (
				8BC2C8A21AA0C42500E25204 /* UIImageView+HighlightedWebCache.m in Sources */,
				8B0D80D21A964E950058A6F4 /* ShadowedButton.swift in Sources */,
				8B7B040A1BDFBFC1002D4AF7 /* Spring.swift in Sources */,
				8B7B04021BDFBFC1002D4AF7 /* DesignableView.swift in Sources */,
				8BC2C8721AA0BCA700E25204 /* ServiceImageCell.swift in Sources */,
				8B7B03FA1BDFBFC1002D4AF7 /* AutoTextView.swift in Sources */,
				8B8427BB1A9BC3FE003D1354 /* PasswordView.swift in Sources */,
				8B7B03FF1BDFBFC1002D4AF7 /* DesignableTabBarController.swift in Sources */,
				8BB9BE1B1A892BEF005EC694 /* ForgotPasswordViewController.swift in Sources */,
				8B7B042A1BDFC148002D4AF7 /* Download.swift in Sources */,
				8B25B6711C16001D00810A84 /* JVFloatLabeledTextField.m in Sources */,
				8B770CD21ABCAF6E00486FBE /* AbortedServicesViewController.swift in Sources */,
				8B7B040D1BDFBFC1002D4AF7 /* SpringImageView.swift in Sources */,
				8B7B04301BDFC148002D4AF7 /* Request.swift in Sources */,
				8BA5A8071A8E441200379651 /* SWRevealViewController.m in Sources */,
				8BFB802D1C1EF0AF003152F6 /* ServerRequests.swift in Sources */,
				8B0D80D01A961ACC0058A6F4 /* MONActivityIndicatorView.m in Sources */,
				8B9997E81A9E74E400C8BC75 /* FavouriteMessengerCell.swift in Sources */,
				8B2F05C21A8521E9007C462B /* AddressHistoryViewController.swift in Sources */,
				8BA5A80E1A8E979A00379651 /* ActiveServiceCell.swift in Sources */,
				8B7B04101BDFBFC1002D4AF7 /* SpringTextView.swift in Sources */,
				8B25B6731C16001D00810A84 /* NSString+TextDirectionality.m in Sources */,
				8B33E7281B9A403900BC4417 /* PendingRateViewController.swift in Sources */,
				A0587FEE1A83B49900E83E5D /* CreateAccountViewController.swift in Sources */,
				8B7B04061BDFBFC1002D4AF7 /* LoadingView.swift in Sources */,
				8B7B040E1BDFBFC1002D4AF7 /* SpringLabel.swift in Sources */,
				8BC3ED851A938A3D0009C54A /* UIColor+AppColors.swift in Sources */,
				8B7B042D1BDFC148002D4AF7 /* Manager.swift in Sources */,
				8BA62C231AA497C8000F9C84 /* RegexValidator.swift in Sources */,
				8B1204481A93B7C8000B2020 /* AddressCell.swift in Sources */,
				8B1E05C31B90CD48007EECA0 /* SearchAddressViewController.swift in Sources */,
				8BC2C89C1AA0C42500E25204 /* SDWebImageManager.m in Sources */,
				8BC2C8A31AA0C42500E25204 /* UIImageView+WebCache.m in Sources */,
				8B713BC31A95068B00800798 /* ShadowedView.swift in Sources */,
				8B713BC01A94E03500800798 /* AppInfo.swift in Sources */,
				8BC2C8951AA0C42500E25204 /* MKAnnotationView+WebCache.m in Sources */,
				8B7B04031BDFBFC1002D4AF7 /* ImageLoader.swift in Sources */,
				8BC2C8961AA0C42500E25204 /* NSData+ImageContentType.m in Sources */,
				8B8427B51A9B7551003D1354 /* ChangePasswordViewController.swift in Sources */,
				8BCC7B771AB9DA330085EDF5 /* ZoomFromCellAnimator.swift in Sources */,
				8BFC63A21C49199400E5385F /* M13Checkbox.m in Sources */,
				8B7B040C1BDFBFC1002D4AF7 /* SpringButton.swift in Sources */,
				8B31584E1A8910BF005F43E4 /* RatingView.m in Sources */,
				8BEA65C71A82B98500C20D5B /* LoginViewController.swift in Sources */,
				A0AFE1481A83D31F0025CACF /* TermsConditionsViewController.swift in Sources */,
				8B3158561A89201B005F43E4 /* RateDriverViewController.swift in Sources */,
				8BC2C89B1AA0C42500E25204 /* SDWebImageDownloaderOperation.m in Sources */,
				A0AFE1691A84008A0025CACF /* MapViewController.swift in Sources */,
				8B8DD6731A9FA95200355829 /* ShrinkDismissAnimationController.swift in Sources */,
				8B7C0C911A89090500470D15 /* ServiceAcceptedViewController.swift in Sources */,
				8B7B04331BDFC148002D4AF7 /* Result.swift in Sources */,
				8B7B042E1BDFC148002D4AF7 /* MultipartFormData.swift in Sources */,
				8BDB039D1C04FD0200D495D8 /* Formatters.swift in Sources */,
				8BC2C8A11AA0C42500E25204 /* UIImage+WebP.m in Sources */,
				8BC2C89A1AA0C42500E25204 /* SDWebImageDownloader.m in Sources */,
				8B7B04131BDFBFC1002D4AF7 /* TransitionZoom.swift in Sources */,
				8B8427B91A9B9E0E003D1354 /* Utils.m in Sources */,
				8BA5A80B1A8E71CB00379651 /* ActiveServicesViewController.swift in Sources */,
				8B7B040F1BDFBFC1002D4AF7 /* SpringTextField.swift in Sources */,
				8B7B03FC1BDFBFC1002D4AF7 /* DesignableButton.swift in Sources */,
				8B7B04111BDFBFC1002D4AF7 /* SpringView.swift in Sources */,
				8BA5A8091A8E51DE00379651 /* MenuViewController.swift in Sources */,
				8BC2031F1AA79A900093D8B3 /* CloseSessionAnimationController.swift in Sources */,
				8B7B04121BDFBFC1002D4AF7 /* TransitionManager.swift in Sources */,
				8BC2C8A01AA0C42500E25204 /* UIImage+MultiFormat.m in Sources */,
				8BC2C8991AA0C42500E25204 /* SDWebImageDecoder.m in Sources */,
				8B7B03F91BDFBFC1002D4AF7 /* AsyncImageView.swift in Sources */,
				8B7B03FE1BDFBFC1002D4AF7 /* DesignableLabel.swift in Sources */,
				8B9866D91AB728550091431B /* ImageViewController.swift in Sources */,
				8B7B04091BDFBFC1002D4AF7 /* SoundPlayer.swift in Sources */,
				8BEA65D01A82C6EB00C20D5B /* MBProgressHUD.m in Sources */,
				8BEA65A61A82B1E000C20D5B /* AppDelegate.swift in Sources */,
				8B7C0C8F1A89004C00470D15 /* FindingServiceViewController.swift in Sources */,
				A0AFE14A1A83D6410025CACF /* RequestServiceViewController.swift in Sources */,
				8BC2C89E1AA0C42500E25204 /* UIButton+WebCache.m in Sources */,
				8B7B04361BDFC148002D4AF7 /* Upload.swift in Sources */,
				8B8C364E1A8BF89100373EA2 /* DeliveryItem.swift in Sources */,
				8B7B03F81BDFBFC1002D4AF7 /* AsyncButton.swift in Sources */,
				8B7B04341BDFC148002D4AF7 /* ServerTrustPolicy.swift in Sources */,
				8B7B042B1BDFC148002D4AF7 /* Error.swift in Sources */,
				8BC2C89D1AA0C42500E25204 /* SDWebImagePrefetcher.m in Sources */,
				8B7B04081BDFBFC1002D4AF7 /* Misc.swift in Sources */,
				8B7B04011BDFBFC1002D4AF7 /* DesignableTextView.swift in Sources */,
				8BC2C8A41AA0C42500E25204 /* UIView+WebCacheOperation.m in Sources */,
				8B9997E61A9E63C800C8BC75 /* FavouriteMessengersViewController.swift in Sources */,
				8B7B04351BDFC148002D4AF7 /* Stream.swift in Sources */,
				8B7B04141BDFBFC1002D4AF7 /* UnwindSegue.swift in Sources */,
				8BCE59361A922C89000C0C1A /* FinishedServicesViewController.swift in Sources */,
				8B7B040B1BDFBFC1002D4AF7 /* SpringAnimation.swift in Sources */,
				8BCC7B791AB9E0980085EDF5 /* ZoomTransitionDelegate.swift in Sources */,
				8B8C364C1A8BB42200373EA2 /* MyProfileViewController.swift in Sources */,
				8B7B03FD1BDFBFC1002D4AF7 /* DesignableImageView.swift in Sources */,
				8B25B6721C16001D00810A84 /* JVFloatLabeledTextView.m in Sources */,
				8B7B042F1BDFC148002D4AF7 /* ParameterEncoding.swift in Sources */,
				8B560D811BF217DC004F1F95 /* InitialMapViewController.swift in Sources */,
				8B7B03FB1BDFBFC1002D4AF7 /* BlurView.swift in Sources */,
				8BFE96FB1BDFE63500CE7A82 /* WrapperAlamofire.swift in Sources */,
				8B7B04291BDFC148002D4AF7 /* Alamofire.swift in Sources */,
				8BC2C89F1AA0C42500E25204 /* UIImage+GIF.m in Sources */,
				8B7B04051BDFBFC1002D4AF7 /* KeyboardLayoutConstraint.swift in Sources */,
				8B7B04311BDFC148002D4AF7 /* Response.swift in Sources */,
				8B7B04171BDFC03C002D4AF7 /* SwiftyJSON.swift in Sources */,
				8B7B04371BDFC148002D4AF7 /* Validation.swift in Sources */,
				8B7B04321BDFC148002D4AF7 /* ResponseSerialization.swift in Sources */,
				8B7B04001BDFBFC1002D4AF7 /* DesignableTextField.swift in Sources */,
				8B12044A1A93D39B000B2020 /* MenuCell.swift in Sources */,
				8BA158861B4ADF25005D6248 /* NSMutableURLRequest+Header.swift in Sources */,
				8B2F05C51A856B26007C462B /* User.swift in Sources */,
				8BC2C8981AA0C42500E25204 /* SDWebImageCompat.m in Sources */,
				8BC2C8971AA0C42500E25204 /* SDImageCache.m in Sources */,
			);
			runOnlyForDeploymentPostprocessing = 0;
		};
		8BEA65B11A82B1E100C20D5B /* Sources */ = {
			isa = PBXSourcesBuildPhase;
			buildActionMask = 2147483647;
			files = (
				8BEA65BC1A82B1E100C20D5B /* MensajeriaTests.swift in Sources */,
			);
			runOnlyForDeploymentPostprocessing = 0;
		};
/* End PBXSourcesBuildPhase section */

/* Begin PBXTargetDependency section */
		8BEA65B71A82B1E100C20D5B /* PBXTargetDependency */ = {
			isa = PBXTargetDependency;
			target = 8BEA659F1A82B1E000C20D5B /* Mensajeria */;
			targetProxy = 8BEA65B61A82B1E100C20D5B /* PBXContainerItemProxy */;
		};
/* End PBXTargetDependency section */

/* Begin PBXVariantGroup section */
		8BEA65A91A82B1E100C20D5B /* Main.storyboard */ = {
			isa = PBXVariantGroup;
			children = (
				8BEA65AA1A82B1E100C20D5B /* Base */,
			);
			name = Main.storyboard;
			sourceTree = "<group>";
		};
		8BEA65AE1A82B1E100C20D5B /* LaunchScreen.xib */ = {
			isa = PBXVariantGroup;
			children = (
				8BEA65AF1A82B1E100C20D5B /* Base */,
			);
			name = LaunchScreen.xib;
			sourceTree = "<group>";
		};
/* End PBXVariantGroup section */

/* Begin XCBuildConfiguration section */
		8BEA65BD1A82B1E100C20D5B /* Debug */ = {
			isa = XCBuildConfiguration;
			buildSettings = {
				ALWAYS_SEARCH_USER_PATHS = NO;
				CLANG_CXX_LANGUAGE_STANDARD = "gnu++0x";
				CLANG_CXX_LIBRARY = "libc++";
				CLANG_ENABLE_MODULES = YES;
				CLANG_ENABLE_OBJC_ARC = YES;
				CLANG_WARN_BOOL_CONVERSION = YES;
				CLANG_WARN_CONSTANT_CONVERSION = YES;
				CLANG_WARN_DIRECT_OBJC_ISA_USAGE = YES_ERROR;
				CLANG_WARN_EMPTY_BODY = YES;
				CLANG_WARN_ENUM_CONVERSION = YES;
				CLANG_WARN_INT_CONVERSION = YES;
				CLANG_WARN_OBJC_ROOT_CLASS = YES_ERROR;
				CLANG_WARN_UNREACHABLE_CODE = YES;
				CLANG_WARN__DUPLICATE_METHOD_MATCH = YES;
				"CODE_SIGN_IDENTITY[sdk=iphoneos*]" = "iPhone Developer";
				COPY_PHASE_STRIP = NO;
				ENABLE_STRICT_OBJC_MSGSEND = YES;
				ENABLE_TESTABILITY = YES;
				GCC_C_LANGUAGE_STANDARD = gnu99;
				GCC_DYNAMIC_NO_PIC = NO;
				GCC_OPTIMIZATION_LEVEL = 0;
				GCC_PREPROCESSOR_DEFINITIONS = (
					"DEBUG=1",
					"$(inherited)",
				);
				GCC_SYMBOLS_PRIVATE_EXTERN = NO;
				GCC_WARN_64_TO_32_BIT_CONVERSION = YES;
				GCC_WARN_ABOUT_RETURN_TYPE = YES_ERROR;
				GCC_WARN_UNDECLARED_SELECTOR = YES;
				GCC_WARN_UNINITIALIZED_AUTOS = YES_AGGRESSIVE;
				GCC_WARN_UNUSED_FUNCTION = YES;
				GCC_WARN_UNUSED_VARIABLE = YES;
				IPHONEOS_DEPLOYMENT_TARGET = 8.1;
				MTL_ENABLE_DEBUG_INFO = YES;
				ONLY_ACTIVE_ARCH = YES;
				OTHER_LDFLAGS = "-ObjC";
				SDKROOT = iphoneos;
				SWIFT_OBJC_BRIDGING_HEADER = "";
				SWIFT_OPTIMIZATION_LEVEL = "-Onone";
				TARGETED_DEVICE_FAMILY = "1,2";
			};
			name = Debug;
		};
		8BEA65BE1A82B1E100C20D5B /* Release */ = {
			isa = XCBuildConfiguration;
			buildSettings = {
				ALWAYS_SEARCH_USER_PATHS = NO;
				CLANG_CXX_LANGUAGE_STANDARD = "gnu++0x";
				CLANG_CXX_LIBRARY = "libc++";
				CLANG_ENABLE_MODULES = YES;
				CLANG_ENABLE_OBJC_ARC = YES;
				CLANG_WARN_BOOL_CONVERSION = YES;
				CLANG_WARN_CONSTANT_CONVERSION = YES;
				CLANG_WARN_DIRECT_OBJC_ISA_USAGE = YES_ERROR;
				CLANG_WARN_EMPTY_BODY = YES;
				CLANG_WARN_ENUM_CONVERSION = YES;
				CLANG_WARN_INT_CONVERSION = YES;
				CLANG_WARN_OBJC_ROOT_CLASS = YES_ERROR;
				CLANG_WARN_UNREACHABLE_CODE = YES;
				CLANG_WARN__DUPLICATE_METHOD_MATCH = YES;
				"CODE_SIGN_IDENTITY[sdk=iphoneos*]" = "iPhone Developer";
				COPY_PHASE_STRIP = YES;
				ENABLE_NS_ASSERTIONS = NO;
				ENABLE_STRICT_OBJC_MSGSEND = YES;
				GCC_C_LANGUAGE_STANDARD = gnu99;
				GCC_WARN_64_TO_32_BIT_CONVERSION = YES;
				GCC_WARN_ABOUT_RETURN_TYPE = YES_ERROR;
				GCC_WARN_UNDECLARED_SELECTOR = YES;
				GCC_WARN_UNINITIALIZED_AUTOS = YES_AGGRESSIVE;
				GCC_WARN_UNUSED_FUNCTION = YES;
				GCC_WARN_UNUSED_VARIABLE = YES;
				IPHONEOS_DEPLOYMENT_TARGET = 8.1;
				MTL_ENABLE_DEBUG_INFO = NO;
				OTHER_LDFLAGS = "-ObjC";
				SDKROOT = iphoneos;
				SWIFT_OBJC_BRIDGING_HEADER = "";
				TARGETED_DEVICE_FAMILY = "1,2";
				VALIDATE_PRODUCT = YES;
			};
			name = Release;
		};
		8BEA65C01A82B1E100C20D5B /* Debug */ = {
			isa = XCBuildConfiguration;
			buildSettings = {
				ASSETCATALOG_COMPILER_APPICON_NAME = AppIcon;
				CODE_SIGN_IDENTITY = "iPhone Developer: Andres Abril (B5HW87Q346)";
				"CODE_SIGN_IDENTITY[sdk=iphoneos*]" = "iPhone Developer: Andres Abril (B5HW87Q346)";
				DEFINES_MODULE = NO;
				ENABLE_BITCODE = NO;
				FRAMEWORK_SEARCH_PATHS = (
					"$(inherited)",
					"$(PROJECT_DIR)",
				);
				INFOPLIST_FILE = Mensajeria/Info.plist;
				IPHONEOS_DEPLOYMENT_TARGET = 8.0;
				LD_RUNPATH_SEARCH_PATHS = "$(inherited) @executable_path/Frameworks";
				PRODUCT_BUNDLE_IDENTIFIER = "com.iamstudio.$(PRODUCT_NAME:rfc1034identifier)";
				PRODUCT_NAME = "$(TARGET_NAME)";
				PROVISIONING_PROFILE = "ff7e4a67-5a8f-412c-9767-cca47a9828ec";
				SWIFT_OBJC_BRIDGING_HEADER = ./Mensajeria/BridgingHeader.h;
				TARGETED_DEVICE_FAMILY = 1;
			};
			name = Debug;
		};
		8BEA65C11A82B1E100C20D5B /* Release */ = {
			isa = XCBuildConfiguration;
			buildSettings = {
				ASSETCATALOG_COMPILER_APPICON_NAME = AppIcon;
				CODE_SIGN_IDENTITY = "";
				DEFINES_MODULE = NO;
				ENABLE_BITCODE = NO;
				FRAMEWORK_SEARCH_PATHS = (
					"$(inherited)",
					"$(PROJECT_DIR)",
				);
				INFOPLIST_FILE = Mensajeria/Info.plist;
				IPHONEOS_DEPLOYMENT_TARGET = 8.0;
				LD_RUNPATH_SEARCH_PATHS = "$(inherited) @executable_path/Frameworks";
				PRODUCT_BUNDLE_IDENTIFIER = "com.iamstudio.$(PRODUCT_NAME:rfc1034identifier)";
				PRODUCT_NAME = "$(TARGET_NAME)";
				PROVISIONING_PROFILE = "ff7e4a67-5a8f-412c-9767-cca47a9828ec";
				SWIFT_OBJC_BRIDGING_HEADER = ./Mensajeria/BridgingHeader.h;
				TARGETED_DEVICE_FAMILY = 1;
			};
			name = Release;
		};
		8BEA65C31A82B1E100C20D5B /* Debug */ = {
			isa = XCBuildConfiguration;
			buildSettings = {
				BUNDLE_LOADER = "$(TEST_HOST)";
				FRAMEWORK_SEARCH_PATHS = (
					"$(SDKROOT)/Developer/Library/Frameworks",
					"$(inherited)",
				);
				GCC_PREPROCESSOR_DEFINITIONS = (
					"DEBUG=1",
					"$(inherited)",
				);
				INFOPLIST_FILE = MensajeriaTests/Info.plist;
				LD_RUNPATH_SEARCH_PATHS = "$(inherited) @executable_path/Frameworks @loader_path/Frameworks";
				PRODUCT_BUNDLE_IDENTIFIER = "com.iamstudio.$(PRODUCT_NAME:rfc1034identifier)";
				PRODUCT_NAME = "$(TARGET_NAME)";
				TEST_HOST = "$(BUILT_PRODUCTS_DIR)/Mensajeria.app/Mensajeria";
			};
			name = Debug;
		};
		8BEA65C41A82B1E100C20D5B /* Release */ = {
			isa = XCBuildConfiguration;
			buildSettings = {
				BUNDLE_LOADER = "$(TEST_HOST)";
				FRAMEWORK_SEARCH_PATHS = (
					"$(SDKROOT)/Developer/Library/Frameworks",
					"$(inherited)",
				);
				INFOPLIST_FILE = MensajeriaTests/Info.plist;
				LD_RUNPATH_SEARCH_PATHS = "$(inherited) @executable_path/Frameworks @loader_path/Frameworks";
				PRODUCT_BUNDLE_IDENTIFIER = "com.iamstudio.$(PRODUCT_NAME:rfc1034identifier)";
				PRODUCT_NAME = "$(TARGET_NAME)";
				TEST_HOST = "$(BUILT_PRODUCTS_DIR)/Mensajeria.app/Mensajeria";
			};
			name = Release;
		};
/* End XCBuildConfiguration section */

/* Begin XCConfigurationList section */
		8BEA659B1A82B1E000C20D5B /* Build configuration list for PBXProject "Mensajeria" */ = {
			isa = XCConfigurationList;
			buildConfigurations = (
				8BEA65BD1A82B1E100C20D5B /* Debug */,
				8BEA65BE1A82B1E100C20D5B /* Release */,
			);
			defaultConfigurationIsVisible = 0;
			defaultConfigurationName = Release;
		};
		8BEA65BF1A82B1E100C20D5B /* Build configuration list for PBXNativeTarget "Mensajeria" */ = {
			isa = XCConfigurationList;
			buildConfigurations = (
				8BEA65C01A82B1E100C20D5B /* Debug */,
				8BEA65C11A82B1E100C20D5B /* Release */,
			);
			defaultConfigurationIsVisible = 0;
			defaultConfigurationName = Release;
		};
		8BEA65C21A82B1E100C20D5B /* Build configuration list for PBXNativeTarget "MensajeriaTests" */ = {
			isa = XCConfigurationList;
			buildConfigurations = (
				8BEA65C31A82B1E100C20D5B /* Debug */,
				8BEA65C41A82B1E100C20D5B /* Release */,
			);
			defaultConfigurationIsVisible = 0;
			defaultConfigurationName = Release;
		};
/* End XCConfigurationList section */
	};
	rootObject = 8BEA65981A82B1E000C20D5B /* Project object */;
}
