// !$*UTF8*$!
{
	archiveVersion = 1;
	classes = {
	};
	objectVersion = 46;
	objects = {

/* Begin PBXBuildFile section */
		8BEA65A61A82B1E000C20D5B /* AppDelegate.swift in Sources */ = {isa = PBXBuildFile; fileRef = 8BEA65A51A82B1E000C20D5B /* AppDelegate.swift */; };
		8BEA65A81A82B1E000C20D5B /* ViewController.swift in Sources */ = {isa = PBXBuildFile; fileRef = 8BEA65A71A82B1E000C20D5B /* ViewController.swift */; };
		8BEA65AB1A82B1E100C20D5B /* Main.storyboard in Resources */ = {isa = PBXBuildFile; fileRef = 8BEA65A91A82B1E100C20D5B /* Main.storyboard */; };
		8BEA65AD1A82B1E100C20D5B /* Images.xcassets in Resources */ = {isa = PBXBuildFile; fileRef = 8BEA65AC1A82B1E100C20D5B /* Images.xcassets */; };
		8BEA65B01A82B1E100C20D5B /* LaunchScreen.xib in Resources */ = {isa = PBXBuildFile; fileRef = 8BEA65AE1A82B1E100C20D5B /* LaunchScreen.xib */; };
		8BEA65BC1A82B1E100C20D5B /* MensajeriaTests.swift in Sources */ = {isa = PBXBuildFile; fileRef = 8BEA65BB1A82B1E100C20D5B /* MensajeriaTests.swift */; };
/* End PBXBuildFile section */

/* Begin PBXContainerItemProxy section */
		8BEA65B61A82B1E100C20D5B /* PBXContainerItemProxy */ = {
			isa = PBXContainerItemProxy;
			containerPortal = 8BEA65981A82B1E000C20D5B /* Project object */;
			proxyType = 1;
			remoteGlobalIDString = 8BEA659F1A82B1E000C20D5B;
			remoteInfo = Mensajeria;
		};
/* End PBXContainerItemProxy section */

/* Begin PBXFileReference section */
		8BEA65A01A82B1E000C20D5B /* Mensajeria.app */ = {isa = PBXFileReference; explicitFileType = wrapper.application; includeInIndex = 0; path = Mensajeria.app; sourceTree = BUILT_PRODUCTS_DIR; };
		8BEA65A41A82B1E000C20D5B /* Info.plist */ = {isa = PBXFileReference; lastKnownFileType = text.plist.xml; path = Info.plist; sourceTree = "<group>"; };
		8BEA65A51A82B1E000C20D5B /* AppDelegate.swift */ = {isa = PBXFileReference; lastKnownFileType = sourcecode.swift; path = AppDelegate.swift; sourceTree = "<group>"; };
		8BEA65A71A82B1E000C20D5B /* ViewController.swift */ = {isa = PBXFileReference; lastKnownFileType = sourcecode.swift; path = ViewController.swift; sourceTree = "<group>"; };
		8BEA65AA1A82B1E100C20D5B /* Base */ = {isa = PBXFileReference; lastKnownFileType = file.storyboard; name = Base; path = Base.lproj/Main.storyboard; sourceTree = "<group>"; };
		8BEA65AC1A82B1E100C20D5B /* Images.xcassets */ = {isa = PBXFileReference; lastKnownFileType = folder.assetcatalog; path = Images.xcassets; sourceTree = "<group>"; };
		8BEA65AF1A82B1E100C20D5B /* Base */ = {isa = PBXFileReference; lastKnownFileType = file.xib; name = Base; path = Base.lproj/LaunchScreen.xib; sourceTree = "<group>"; };
		8BEA65B51A82B1E100C20D5B /* MensajeriaTests.xctest */ = {isa = PBXFileReference; explicitFileType = wrapper.cfbundle; includeInIndex = 0; path = MensajeriaTests.xctest; sourceTree = BUILT_PRODUCTS_DIR; };
		8BEA65BA1A82B1E100C20D5B /* Info.plist */ = {isa = PBXFileReference; lastKnownFileType = text.plist.xml; path = Info.plist; sourceTree = "<group>"; };
		8BEA65BB1A82B1E100C20D5B /* MensajeriaTests.swift */ = {isa = PBXFileReference; lastKnownFileType = sourcecode.swift; path = MensajeriaTests.swift; sourceTree = "<group>"; };
/* End PBXFileReference section */

/* Begin PBXFrameworksBuildPhase section */
		8BEA659D1A82B1E000C20D5B /* Frameworks */ = {
			isa = PBXFrameworksBuildPhase;
			buildActionMask = 2147483647;
			files = (
			);
			runOnlyForDeploymentPostprocessing = 0;
		};
		8BEA65B21A82B1E100C20D5B /* Frameworks */ = {
			isa = PBXFrameworksBuildPhase;
			buildActionMask = 2147483647;
			files = (
			);
			runOnlyForDeploymentPostprocessing = 0;
		};
/* End PBXFrameworksBuildPhase section */

/* Begin PBXGroup section */
		8BEA65971A82B1E000C20D5B = {
			isa = PBXGroup;
			children = (
				8BEA65A21A82B1E000C20D5B /* Mensajeria */,
				8BEA65B81A82B1E100C20D5B /* MensajeriaTests */,
				8BEA65A11A82B1E000C20D5B /* Products */,
			);
			sourceTree = "<group>";
		};
		8BEA65A11A82B1E000C20D5B /* Products */ = {
			isa = PBXGroup;
			children = (
				8BEA65A01A82B1E000C20D5B /* Mensajeria.app */,
				8BEA65B51A82B1E100C20D5B /* MensajeriaTests.xctest */,
			);
			name = Products;
			sourceTree = "<group>";
		};
		8BEA65A21A82B1E000C20D5B /* Mensajeria */ = {
			isa = PBXGroup;
			children = (
				8BEA65A51A82B1E000C20D5B /* AppDelegate.swift */,
				8BEA65A71A82B1E000C20D5B /* ViewController.swift */,
				8BEA65A91A82B1E100C20D5B /* Main.storyboard */,
				8BEA65AC1A82B1E100C20D5B /* Images.xcassets */,
				8BEA65AE1A82B1E100C20D5B /* LaunchScreen.xib */,
				8BEA65A31A82B1E000C20D5B /* Supporting Files */,
			);
			path = Mensajeria;
			sourceTree = "<group>";
		};
		8BEA65A31A82B1E000C20D5B /* Supporting Files */ = {
			isa = PBXGroup;
			children = (
				8BEA65A41A82B1E000C20D5B /* Info.plist */,
			);
			name = "Supporting Files";
			sourceTree = "<group>";
		};
		8BEA65B81A82B1E100C20D5B /* MensajeriaTests */ = {
			isa = PBXGroup;
			children = (
				8BEA65BB1A82B1E100C20D5B /* MensajeriaTests.swift */,
				8BEA65B91A82B1E100C20D5B /* Supporting Files */,
			);
			path = MensajeriaTests;
			sourceTree = "<group>";
		};
		8BEA65B91A82B1E100C20D5B /* Supporting Files */ = {
			isa = PBXGroup;
			children = (
				8BEA65BA1A82B1E100C20D5B /* Info.plist */,
			);
			name = "Supporting Files";
			sourceTree = "<group>";
		};
/* End PBXGroup section */

/* Begin PBXNativeTarget section */
		8BEA659F1A82B1E000C20D5B /* Mensajeria */ = {
			isa = PBXNativeTarget;
			buildConfigurationList = 8BEA65BF1A82B1E100C20D5B /* Build configuration list for PBXNativeTarget "Mensajeria" */;
			buildPhases = (
				8BEA659C1A82B1E000C20D5B /* Sources */,
				8BEA659D1A82B1E000C20D5B /* Frameworks */,
				8BEA659E1A82B1E000C20D5B /* Resources */,
			);
			buildRules = (
			);
			dependencies = (
			);
			name = Mensajeria;
			productName = Mensajeria;
			productReference = 8BEA65A01A82B1E000C20D5B /* Mensajeria.app */;
			productType = "com.apple.product-type.application";
		};
		8BEA65B41A82B1E100C20D5B /* MensajeriaTests */ = {
			isa = PBXNativeTarget;
			buildConfigurationList = 8BEA65C21A82B1E100C20D5B /* Build configuration list for PBXNativeTarget "MensajeriaTests" */;
			buildPhases = (
				8BEA65B11A82B1E100C20D5B /* Sources */,
				8BEA65B21A82B1E100C20D5B /* Frameworks */,
				8BEA65B31A82B1E100C20D5B /* Resources */,
			);
			buildRules = (
			);
			dependencies = (
				8BEA65B71A82B1E100C20D5B /* PBXTargetDependency */,
			);
			name = MensajeriaTests;
			productName = MensajeriaTests;
			productReference = 8BEA65B51A82B1E100C20D5B /* MensajeriaTests.xctest */;
			productType = "com.apple.product-type.bundle.unit-test";
		};
/* End PBXNativeTarget section */

/* Begin PBXProject section */
		8BEA65981A82B1E000C20D5B /* Project object */ = {
			isa = PBXProject;
			attributes = {
				LastUpgradeCheck = 0610;
				ORGANIZATIONNAME = "iAm Studio";
				TargetAttributes = {
					8BEA659F1A82B1E000C20D5B = {
						CreatedOnToolsVersion = 6.1.1;
					};
					8BEA65B41A82B1E100C20D5B = {
						CreatedOnToolsVersion = 6.1.1;
						TestTargetID = 8BEA659F1A82B1E000C20D5B;
					};
				};
			};
			buildConfigurationList = 8BEA659B1A82B1E000C20D5B /* Build configuration list for PBXProject "Mensajeria" */;
			compatibilityVersion = "Xcode 3.2";
			developmentRegion = English;
			hasScannedForEncodings = 0;
			knownRegions = (
				en,
				Base,
			);
			mainGroup = 8BEA65971A82B1E000C20D5B;
			productRefGroup = 8BEA65A11A82B1E000C20D5B /* Products */;
			projectDirPath = "";
			projectRoot = "";
			targets = (
				8BEA659F1A82B1E000C20D5B /* Mensajeria */,
				8BEA65B41A82B1E100C20D5B /* MensajeriaTests */,
			);
		};
/* End PBXProject section */

/* Begin PBXResourcesBuildPhase section */
		8BEA659E1A82B1E000C20D5B /* Resources */ = {
			isa = PBXResourcesBuildPhase;
			buildActionMask = 2147483647;
			files = (
				8BEA65AB1A82B1E100C20D5B /* Main.storyboard in Resources */,
				8BEA65B01A82B1E100C20D5B /* LaunchScreen.xib in Resources */,
				8BEA65AD1A82B1E100C20D5B /* Images.xcassets in Resources */,
			);
			runOnlyForDeploymentPostprocessing = 0;
		};
		8BEA65B31A82B1E100C20D5B /* Resources */ = {
			isa = PBXResourcesBuildPhase;
			buildActionMask = 2147483647;
			files = (
			);
			runOnlyForDeploymentPostprocessing = 0;
		};
/* End PBXResourcesBuildPhase section */

/* Begin PBXSourcesBuildPhase section */
		8BEA659C1A82B1E000C20D5B /* Sources */ = {
			isa = PBXSourcesBuildPhase;
			buildActionMask = 2147483647;
			files = (
				8BEA65A81A82B1E000C20D5B /* ViewController.swift in Sources */,
				8BEA65A61A82B1E000C20D5B /* AppDelegate.swift in Sources */,
			);
			runOnlyForDeploymentPostprocessing = 0;
		};
		8BEA65B11A82B1E100C20D5B /* Sources */ = {
			isa = PBXSourcesBuildPhase;
			buildActionMask = 2147483647;
			files = (
				8BEA65BC1A82B1E100C20D5B /* MensajeriaTests.swift in Sources */,
			);
			runOnlyForDeploymentPostprocessing = 0;
		};
/* End PBXSourcesBuildPhase section */

/* Begin PBXTargetDependency section */
		8BEA65B71A82B1E100C20D5B /* PBXTargetDependency */ = {
			isa = PBXTargetDependency;
			target = 8BEA659F1A82B1E000C20D5B /* Mensajeria */;
			targetProxy = 8BEA65B61A82B1E100C20D5B /* PBXContainerItemProxy */;
		};
/* End PBXTargetDependency section */

/* Begin PBXVariantGroup section */
		8BEA65A91A82B1E100C20D5B /* Main.storyboard */ = {
			isa = PBXVariantGroup;
			children = (
				8BEA65AA1A82B1E100C20D5B /* Base */,
			);
			name = Main.storyboard;
			sourceTree = "<group>";
		};
		8BEA65AE1A82B1E100C20D5B /* LaunchScreen.xib */ = {
			isa = PBXVariantGroup;
			children = (
				8BEA65AF1A82B1E100C20D5B /* Base */,
			);
			name = LaunchScreen.xib;
			sourceTree = "<group>";
		};
/* End PBXVariantGroup section */

/* Begin XCBuildConfiguration section */
		8BEA65BD1A82B1E100C20D5B /* Debug */ = {
			isa = XCBuildConfiguration;
			buildSettings = {
				ALWAYS_SEARCH_USER_PATHS = NO;
				CLANG_CXX_LANGUAGE_STANDARD = "gnu++0x";
				CLANG_CXX_LIBRARY = "libc++";
				CLANG_ENABLE_MODULES = YES;
				CLANG_ENABLE_OBJC_ARC = YES;
				CLANG_WARN_BOOL_CONVERSION = YES;
				CLANG_WARN_CONSTANT_CONVERSION = YES;
				CLANG_WARN_DIRECT_OBJC_ISA_USAGE = YES_ERROR;
				CLANG_WARN_EMPTY_BODY = YES;
				CLANG_WARN_ENUM_CONVERSION = YES;
				CLANG_WARN_INT_CONVERSION = YES;
				CLANG_WARN_OBJC_ROOT_CLASS = YES_ERROR;
				CLANG_WARN_UNREACHABLE_CODE = YES;
				CLANG_WARN__DUPLICATE_METHOD_MATCH = YES;
				"CODE_SIGN_IDENTITY[sdk=iphoneos*]" = "iPhone Developer";
				COPY_PHASE_STRIP = NO;
				ENABLE_STRICT_OBJC_MSGSEND = YES;
				GCC_C_LANGUAGE_STANDARD = gnu99;
				GCC_DYNAMIC_NO_PIC = NO;
				GCC_OPTIMIZATION_LEVEL = 0;
				GCC_PREPROCESSOR_DEFINITIONS = (
					"DEBUG=1",
					"$(inherited)",
				);
				GCC_SYMBOLS_PRIVATE_EXTERN = NO;
				GCC_WARN_64_TO_32_BIT_CONVERSION = YES;
				GCC_WARN_ABOUT_RETURN_TYPE = YES_ERROR;
				GCC_WARN_UNDECLARED_SELECTOR = YES;
				GCC_WARN_UNINITIALIZED_AUTOS = YES_AGGRESSIVE;
				GCC_WARN_UNUSED_FUNCTION = YES;
				GCC_WARN_UNUSED_VARIABLE = YES;
				IPHONEOS_DEPLOYMENT_TARGET = 8.1;
				MTL_ENABLE_DEBUG_INFO = YES;
				ONLY_ACTIVE_ARCH = YES;
				SDKROOT = iphoneos;
				SWIFT_OPTIMIZATION_LEVEL = "-Onone";
				TARGETED_DEVICE_FAMILY = "1,2";
			};
			name = Debug;
		};
		8BEA65BE1A82B1E100C20D5B /* Release */ = {
			isa = XCBuildConfiguration;
			buildSettings = {
				ALWAYS_SEARCH_USER_PATHS = NO;
				CLANG_CXX_LANGUAGE_STANDARD = "gnu++0x";
				CLANG_CXX_LIBRARY = "libc++";
				CLANG_ENABLE_MODULES = YES;
				CLANG_ENABLE_OBJC_ARC = YES;
				CLANG_WARN_BOOL_CONVERSION = YES;
				CLANG_WARN_CONSTANT_CONVERSION = YES;
				CLANG_WARN_DIRECT_OBJC_ISA_USAGE = YES_ERROR;
				CLANG_WARN_EMPTY_BODY = YES;
				CLANG_WARN_ENUM_CONVERSION = YES;
				CLANG_WARN_INT_CONVERSION = YES;
				CLANG_WARN_OBJC_ROOT_CLASS = YES_ERROR;
				CLANG_WARN_UNREACHABLE_CODE = YES;
				CLANG_WARN__DUPLICATE_METHOD_MATCH = YES;
				"CODE_SIGN_IDENTITY[sdk=iphoneos*]" = "iPhone Developer";
				COPY_PHASE_STRIP = YES;
				ENABLE_NS_ASSERTIONS = NO;
				ENABLE_STRICT_OBJC_MSGSEND = YES;
				GCC_C_LANGUAGE_STANDARD = gnu99;
				GCC_WARN_64_TO_32_BIT_CONVERSION = YES;
				GCC_WARN_ABOUT_RETURN_TYPE = YES_ERROR;
				GCC_WARN_UNDECLARED_SELECTOR = YES;
				GCC_WARN_UNINITIALIZED_AUTOS = YES_AGGRESSIVE;
				GCC_WARN_UNUSED_FUNCTION = YES;
				GCC_WARN_UNUSED_VARIABLE = YES;
				IPHONEOS_DEPLOYMENT_TARGET = 8.1;
				MTL_ENABLE_DEBUG_INFO = NO;
				SDKROOT = iphoneos;
				TARGETED_DEVICE_FAMILY = "1,2";
				VALIDATE_PRODUCT = YES;
			};
			name = Release;
		};
		8BEA65C01A82B1E100C20D5B /* Debug */ = {
			isa = XCBuildConfiguration;
			buildSettings = {
				ASSETCATALOG_COMPILER_APPICON_NAME = AppIcon;
				INFOPLIST_FILE = Mensajeria/Info.plist;
				LD_RUNPATH_SEARCH_PATHS = "$(inherited) @executable_path/Frameworks";
				PRODUCT_NAME = "$(TARGET_NAME)";
			};
			name = Debug;
		};
		8BEA65C11A82B1E100C20D5B /* Release */ = {
			isa = XCBuildConfiguration;
			buildSettings = {
				ASSETCATALOG_COMPILER_APPICON_NAME = AppIcon;
				INFOPLIST_FILE = Mensajeria/Info.plist;
				LD_RUNPATH_SEARCH_PATHS = "$(inherited) @executable_path/Frameworks";
				PRODUCT_NAME = "$(TARGET_NAME)";
			};
			name = Release;
		};
		8BEA65C31A82B1E100C20D5B /* Debug */ = {
			isa = XCBuildConfiguration;
			buildSettings = {
				BUNDLE_LOADER = "$(TEST_HOST)";
				FRAMEWORK_SEARCH_PATHS = (
					"$(SDKROOT)/Developer/Library/Frameworks",
					"$(inherited)",
				);
				GCC_PREPROCESSOR_DEFINITIONS = (
					"DEBUG=1",
					"$(inherited)",
				);
				INFOPLIST_FILE = MensajeriaTests/Info.plist;
				LD_RUNPATH_SEARCH_PATHS = "$(inherited) @executable_path/Frameworks @loader_path/Frameworks";
				PRODUCT_NAME = "$(TARGET_NAME)";
				TEST_HOST = "$(BUILT_PRODUCTS_DIR)/Mensajeria.app/Mensajeria";
			};
			name = Debug;
		};
		8BEA65C41A82B1E100C20D5B /* Release */ = {
			isa = XCBuildConfiguration;
			buildSettings = {
				BUNDLE_LOADER = "$(TEST_HOST)";
				FRAMEWORK_SEARCH_PATHS = (
					"$(SDKROOT)/Developer/Library/Frameworks",
					"$(inherited)",
				);
				INFOPLIST_FILE = MensajeriaTests/Info.plist;
				LD_RUNPATH_SEARCH_PATHS = "$(inherited) @executable_path/Frameworks @loader_path/Frameworks";
				PRODUCT_NAME = "$(TARGET_NAME)";
				TEST_HOST = "$(BUILT_PRODUCTS_DIR)/Mensajeria.app/Mensajeria";
			};
			name = Release;
		};
/* End XCBuildConfiguration section */

/* Begin XCConfigurationList section */
		8BEA659B1A82B1E000C20D5B /* Build configuration list for PBXProject "Mensajeria" */ = {
			isa = XCConfigurationList;
			buildConfigurations = (
				8BEA65BD1A82B1E100C20D5B /* Debug */,
				8BEA65BE1A82B1E100C20D5B /* Release */,
			);
			defaultConfigurationIsVisible = 0;
			defaultConfigurationName = Release;
		};
		8BEA65BF1A82B1E100C20D5B /* Build configuration list for PBXNativeTarget "Mensajeria" */ = {
			isa = XCConfigurationList;
			buildConfigurations = (
				8BEA65C01A82B1E100C20D5B /* Debug */,
				8BEA65C11A82B1E100C20D5B /* Release */,
			);
			defaultConfigurationIsVisible = 0;
		};
		8BEA65C21A82B1E100C20D5B /* Build configuration list for PBXNativeTarget "MensajeriaTests" */ = {
			isa = XCConfigurationList;
			buildConfigurations = (
				8BEA65C31A82B1E100C20D5B /* Debug */,
				8BEA65C41A82B1E100C20D5B /* Release */,
			);
			defaultConfigurationIsVisible = 0;
		};
/* End XCConfigurationList section */
	};
	rootObject = 8BEA65981A82B1E000C20D5B /* Project object */;
}
